PODS:
  - Alamofire (5.5.0)
  - Mobile-Buy-SDK (7.0.0)
  - ReachabilitySwift (5.0.0)

DEPENDENCIES:
  - Alamofire
  - Mobile-Buy-SDK
  - ReachabilitySwift

SPEC REPOS:
  trunk:
    - Alamofire
    - Mobile-Buy-SDK
    - ReachabilitySwift

SPEC CHECKSUMS:
  Alamofire: 1c4fb5369c3fe93d2857c780d8bbe09f06f97e7c
  Mobile-Buy-SDK: 18ee3b74f99a1a5fa42ad3c997af3d0774928438
  ReachabilitySwift: 985039c6f7b23a1da463388634119492ff86c825

PODFILE CHECKSUM: afb772e764283556208bddce3c81ad558d66bc35

COCOAPODS: 1.11.2
