// !$*UTF8*$!
{
	archiveVersion = 1;
	classes = {
	};
	objectVersion = 53;
	objects = {

/* Begin PBXBuildFile section */
		1914DEEC27DFAE9B00931E5D /* CartViewModel.swift in Sources */ = {isa = PBXBuildFile; fileRef = 1914DEC927DFAE9B00931E5D /* CartViewModel.swift */; };
		1914DEED27DFAE9B00931E5D /* UIView+Extension.swift in Sources */ = {isa = PBXBuildFile; fileRef = 1914DECC27DFAE9B00931E5D /* UIView+Extension.swift */; };
		1914DEEE27DFAE9B00931E5D /* Constant.swift in Sources */ = {isa = PBXBuildFile; fileRef = 1914DECE27DFAE9B00931E5D /* Constant.swift */; };
		1914DEEF27DFAE9B00931E5D /* CartItemTableViewCell.swift in Sources */ = {isa = PBXBuildFile; fileRef = 1914DED227DFAE9B00931E5D /* CartItemTableViewCell.swift */; };
		1914DEF027DFAE9B00931E5D /* CartItemCollectionViewCell.swift in Sources */ = {isa = PBXBuildFile; fileRef = 1914DED427DFAE9B00931E5D /* CartItemCollectionViewCell.swift */; };
		1914DEF127DFAE9B00931E5D /* TopRoundView.swift in Sources */ = {isa = PBXBuildFile; fileRef = 1914DED627DFAE9B00931E5D /* TopRoundView.swift */; };
		1914DEF227DFAE9B00931E5D /* ImageButton.swift in Sources */ = {isa = PBXBuildFile; fileRef = 1914DED727DFAE9B00931E5D /* ImageButton.swift */; };
		1914DEF327DFAE9B00931E5D /* DefaultButton.swift in Sources */ = {isa = PBXBuildFile; fileRef = 1914DED827DFAE9B00931E5D /* DefaultButton.swift */; };
		1914DEF427DFAE9B00931E5D /* SeconderyTitleLabel.swift in Sources */ = {isa = PBXBuildFile; fileRef = 1914DEDB27DFAE9B00931E5D /* SeconderyTitleLabel.swift */; };
		1914DEF527DFAE9B00931E5D /* DefaultTitleLabel.swift in Sources */ = {isa = PBXBuildFile; fileRef = 1914DEDC27DFAE9B00931E5D /* DefaultTitleLabel.swift */; };
		1914DEF627DFAE9B00931E5D /* CartVC.swift in Sources */ = {isa = PBXBuildFile; fileRef = 1914DEDE27DFAE9B00931E5D /* CartVC.swift */; };
		1914DEF727DFAE9B00931E5D /* CompleteOrderVC.swift in Sources */ = {isa = PBXBuildFile; fileRef = 1914DEDF27DFAE9B00931E5D /* CompleteOrderVC.swift */; };
		1914DEF827DFAE9B00931E5D /* LineView.swift in Sources */ = {isa = PBXBuildFile; fileRef = 1914DEE127DFAE9B00931E5D /* LineView.swift */; };
		1914DEF927DFAE9B00931E5D /* DefaultView.swift in Sources */ = {isa = PBXBuildFile; fileRef = 1914DEE227DFAE9B00931E5D /* DefaultView.swift */; };
		1914DEFA27DFAE9B00931E5D /* DefaultImageView.swift in Sources */ = {isa = PBXBuildFile; fileRef = 1914DEE427DFAE9B00931E5D /* DefaultImageView.swift */; };
		1914DEFB27DFAE9B00931E5D /* CartItem.swift in Sources */ = {isa = PBXBuildFile; fileRef = 1914DEE627DFAE9B00931E5D /* CartItem.swift */; };
		1914DEFC27DFAE9B00931E5D /* Almarai-Bold.ttf in Resources */ = {isa = PBXBuildFile; fileRef = 1914DEE827DFAE9B00931E5D /* Almarai-Bold.ttf */; };
		1914DEFD27DFAE9B00931E5D /* Almarai-ExtraBold.ttf in Resources */ = {isa = PBXBuildFile; fileRef = 1914DEE927DFAE9B00931E5D /* Almarai-ExtraBold.ttf */; };
		1914DEFE27DFAE9B00931E5D /* Almarai-Regular.ttf in Resources */ = {isa = PBXBuildFile; fileRef = 1914DEEA27DFAE9B00931E5D /* Almarai-Regular.ttf */; };
		1914DEFF27DFAE9B00931E5D /* Almarai-Light.ttf in Resources */ = {isa = PBXBuildFile; fileRef = 1914DEEB27DFAE9B00931E5D /* Almarai-Light.ttf */; };
		191D932E27E217DF008D0E89 /* CountriesRoot.swift in Sources */ = {isa = PBXBuildFile; fileRef = 191D932D27E217DF008D0E89 /* CountriesRoot.swift */; };
		191D933027E21ACA008D0E89 /* Countries.swift in Sources */ = {isa = PBXBuildFile; fileRef = 191D932F27E21ACA008D0E89 /* Countries.swift */; };
		191D933227E21AF4008D0E89 /* Provinces.swift in Sources */ = {isa = PBXBuildFile; fileRef = 191D933127E21AF4008D0E89 /* Provinces.swift */; };
		191D933527E2311B008D0E89 /* UIImageView+Extension.swift in Sources */ = {isa = PBXBuildFile; fileRef = 191D933427E2311B008D0E89 /* UIImageView+Extension.swift */; };
		1932DD1427E4CA6100A870BA /* UIViewController+Extension.swift in Sources */ = {isa = PBXBuildFile; fileRef = 1932DD1327E4CA6100A870BA /* UIViewController+Extension.swift */; };
		1940F67527E7A17800E40429 /* HomeProductViewModel.swift in Sources */ = {isa = PBXBuildFile; fileRef = 1940F67427E7A17800E40429 /* HomeProductViewModel.swift */; };
		1940F67727E7A18A00E40429 /* HomeProductCellViewModel.swift in Sources */ = {isa = PBXBuildFile; fileRef = 1940F67627E7A18A00E40429 /* HomeProductCellViewModel.swift */; };
		1940F67A27E7A6D900E40429 /* HomeViewModel.swift in Sources */ = {isa = PBXBuildFile; fileRef = 1940F67927E7A6D900E40429 /* HomeViewModel.swift */; };
		1940F67C27E7A70F00E40429 /* BrandCellViewModel.swift in Sources */ = {isa = PBXBuildFile; fileRef = 1940F67B27E7A70F00E40429 /* BrandCellViewModel.swift */; };
		194E0CC027E0D53E005CE014 /* ProductsRoot.swift in Sources */ = {isa = PBXBuildFile; fileRef = 194E0CBF27E0D53E005CE014 /* ProductsRoot.swift */; };
		194E0CC227E0D59D005CE014 /* Products.swift in Sources */ = {isa = PBXBuildFile; fileRef = 194E0CC127E0D59D005CE014 /* Products.swift */; };
		194E0CC427E0D5E8005CE014 /* Variants.swift in Sources */ = {isa = PBXBuildFile; fileRef = 194E0CC327E0D5E8005CE014 /* Variants.swift */; };
		194E0CC627E0D613005CE014 /* Options.swift in Sources */ = {isa = PBXBuildFile; fileRef = 194E0CC527E0D613005CE014 /* Options.swift */; };
		194E0CC827E0D653005CE014 /* Images.swift in Sources */ = {isa = PBXBuildFile; fileRef = 194E0CC727E0D653005CE014 /* Images.swift */; };
		194E0CCA27E0D66F005CE014 /* Image.swift in Sources */ = {isa = PBXBuildFile; fileRef = 194E0CC927E0D66F005CE014 /* Image.swift */; };
		194E0CCF27E0D775005CE014 /* NetworkManager.swift in Sources */ = {isa = PBXBuildFile; fileRef = 194E0CCE27E0D775005CE014 /* NetworkManager.swift */; };
		194E0CD327E0D855005CE014 /* ErrorMessages.swift in Sources */ = {isa = PBXBuildFile; fileRef = 194E0CD227E0D855005CE014 /* ErrorMessages.swift */; };
		194E0CD627E0DDBF005CE014 /* SmartCollectionRoot.swift in Sources */ = {isa = PBXBuildFile; fileRef = 194E0CD527E0DDBF005CE014 /* SmartCollectionRoot.swift */; };
		194E0CD827E0DE30005CE014 /* SmartCollection.swift in Sources */ = {isa = PBXBuildFile; fileRef = 194E0CD727E0DE30005CE014 /* SmartCollection.swift */; };
		194E0CDA27E0DE59005CE014 /* Rules.swift in Sources */ = {isa = PBXBuildFile; fileRef = 194E0CD927E0DE59005CE014 /* Rules.swift */; };
		194E0CDC27E0DEBC005CE014 /* ImageForCollection.swift in Sources */ = {isa = PBXBuildFile; fileRef = 194E0CDB27E0DEBC005CE014 /* ImageForCollection.swift */; };
		194E0CE227E0F5D6005CE014 /* AddressesRoot.swift in Sources */ = {isa = PBXBuildFile; fileRef = 194E0CE127E0F5D6005CE014 /* AddressesRoot.swift */; };
		194E0CE427E0F64A005CE014 /* Addresses.swift in Sources */ = {isa = PBXBuildFile; fileRef = 194E0CE327E0F64A005CE014 /* Addresses.swift */; };
		194E0CE927E110DA005CE014 /* Customer.swift in Sources */ = {isa = PBXBuildFile; fileRef = 194E0CE827E110DA005CE014 /* Customer.swift */; };
		194E0CEB27E116EA005CE014 /* CustomarRoot.swift in Sources */ = {isa = PBXBuildFile; fileRef = 194E0CEA27E116EA005CE014 /* CustomarRoot.swift */; };
		19717E5D27E3B5F900E693C4 /* CoreDataManager.swift in Sources */ = {isa = PBXBuildFile; fileRef = 19717E5727E3B5F900E693C4 /* CoreDataManager.swift */; };
		19717E5F27E3B5F900E693C4 /* EshtryCoreDataModel.xcdatamodeld in Sources */ = {isa = PBXBuildFile; fileRef = 19717E5B27E3B5F900E693C4 /* EshtryCoreDataModel.xcdatamodeld */; };
		1972DCAF27E9E966003236B2 /* CompleteOrderViewModel.swift in Sources */ = {isa = PBXBuildFile; fileRef = 1972DCAE27E9E966003236B2 /* CompleteOrderViewModel.swift */; };
		1972DCB127E9EBDC003236B2 /* CompleteOrderCellViewModel.swift in Sources */ = {isa = PBXBuildFile; fileRef = 1972DCB027E9EBDC003236B2 /* CompleteOrderCellViewModel.swift */; };
		197BA51D27E5C53B00859893 /* CartItemCellViewModel.swift in Sources */ = {isa = PBXBuildFile; fileRef = 197BA51C27E5C53B00859893 /* CartItemCellViewModel.swift */; };
		197CA85127E15C8F0032A605 /* OrdersRoot.swift in Sources */ = {isa = PBXBuildFile; fileRef = 197CA85027E15C8F0032A605 /* OrdersRoot.swift */; };
		197CA85327E15D0B0032A605 /* Orders.swift in Sources */ = {isa = PBXBuildFile; fileRef = 197CA85227E15D0B0032A605 /* Orders.swift */; };
		197CA85527E15D6D0032A605 /* CurrentSubtotalPriceSet.swift in Sources */ = {isa = PBXBuildFile; fileRef = 197CA85427E15D6D0032A605 /* CurrentSubtotalPriceSet.swift */; };
		197CA85727E15DCB0032A605 /* CurrentTotalDiscountsSet.swift in Sources */ = {isa = PBXBuildFile; fileRef = 197CA85627E15DCB0032A605 /* CurrentTotalDiscountsSet.swift */; };
		197CA85927E15F070032A605 /* SubtotalPriceSet.swift in Sources */ = {isa = PBXBuildFile; fileRef = 197CA85827E15F070032A605 /* SubtotalPriceSet.swift */; };
		197CA85B27E15F440032A605 /* TotalDiscountsSet.swift in Sources */ = {isa = PBXBuildFile; fileRef = 197CA85A27E15F440032A605 /* TotalDiscountsSet.swift */; };
		197CA85D27E15FB10032A605 /* TotalLineItemsPriceSet.swift in Sources */ = {isa = PBXBuildFile; fileRef = 197CA85C27E15FB10032A605 /* TotalLineItemsPriceSet.swift */; };
		197CA85F27E15FFA0032A605 /* TotalPriceSet.swift in Sources */ = {isa = PBXBuildFile; fileRef = 197CA85E27E15FFA0032A605 /* TotalPriceSet.swift */; };
		197CA86127E160490032A605 /* TotalShippingPriceSet.swift in Sources */ = {isa = PBXBuildFile; fileRef = 197CA86027E160490032A605 /* TotalShippingPriceSet.swift */; };
		197CA86327E160BB0032A605 /* TotalTaxSet.swift in Sources */ = {isa = PBXBuildFile; fileRef = 197CA86227E160BB0032A605 /* TotalTaxSet.swift */; };
		197CA86527E160FD0032A605 /* LineItems.swift in Sources */ = {isa = PBXBuildFile; fileRef = 197CA86427E160FD0032A605 /* LineItems.swift */; };
		197CA86727E161C80032A605 /* ShopMoney.swift in Sources */ = {isa = PBXBuildFile; fileRef = 197CA86627E161C70032A605 /* ShopMoney.swift */; };
		197CA86A27E162120032A605 /* PresentmentMoney.swift in Sources */ = {isa = PBXBuildFile; fileRef = 197CA86927E162120032A605 /* PresentmentMoney.swift */; };
		197CA86C27E163330032A605 /* PriceSet.swift in Sources */ = {isa = PBXBuildFile; fileRef = 197CA86B27E163330032A605 /* PriceSet.swift */; };
		197CA86F27E164230032A605 /* CurrentTotalTaxSet.swift in Sources */ = {isa = PBXBuildFile; fileRef = 197CA86E27E164230032A605 /* CurrentTotalTaxSet.swift */; };
		197CA87127E164720032A605 /* CurrentTotalPriceSet.swift in Sources */ = {isa = PBXBuildFile; fileRef = 197CA87027E164720032A605 /* CurrentTotalPriceSet.swift */; };
		197CA87327E166BD0032A605 /* TotalDiscountSet.swift in Sources */ = {isa = PBXBuildFile; fileRef = 197CA87227E166BD0032A605 /* TotalDiscountSet.swift */; };
		197F708D27E9472E00651771 /* OrderCustomer.swift in Sources */ = {isa = PBXBuildFile; fileRef = 197F708C27E9472E00651771 /* OrderCustomer.swift */; };
		197F709027E9476F00651771 /* Order.swift in Sources */ = {isa = PBXBuildFile; fileRef = 197F708F27E9476F00651771 /* Order.swift */; };
		19A1471927E514F10037C866 /* AddressCollectionViewCell.swift in Sources */ = {isa = PBXBuildFile; fileRef = 19A1471827E514F10037C866 /* AddressCollectionViewCell.swift */; };
		19A8C44F27E2AF3F00E6D1F6 /* UserDefaultsClass.swift in Sources */ = {isa = PBXBuildFile; fileRef = 19A8C44E27E2AF3F00E6D1F6 /* UserDefaultsClass.swift */; };
		19B1845927E50B8A0069B30E /* NetworkReachibility.swift in Sources */ = {isa = PBXBuildFile; fileRef = 19B1845827E50B8A0069B30E /* NetworkReachibility.swift */; };
		19CDC88927E73BEA009B0E9F /* BrandProductViewModel.swift in Sources */ = {isa = PBXBuildFile; fileRef = 19CDC88827E73BEA009B0E9F /* BrandProductViewModel.swift */; };
		19CDC88B27E73D44009B0E9F /* BrandProductCellViewModel.swift in Sources */ = {isa = PBXBuildFile; fileRef = 19CDC88A27E73D44009B0E9F /* BrandProductCellViewModel.swift */; };
		19CDC88F27E750E1009B0E9F /* ProductDetailsViewModel.swift in Sources */ = {isa = PBXBuildFile; fileRef = 19CDC88E27E750E1009B0E9F /* ProductDetailsViewModel.swift */; };
		19CDC89427E75C07009B0E9F /* CategoryViewModel.swift in Sources */ = {isa = PBXBuildFile; fileRef = 19CDC89327E75C07009B0E9F /* CategoryViewModel.swift */; };
		19CDC89627E75CD9009B0E9F /* CategoryCellViewModel.swift in Sources */ = {isa = PBXBuildFile; fileRef = 19CDC89527E75CD9009B0E9F /* CategoryCellViewModel.swift */; };
		4651584227E96F9F007901C6 /* ClientTests.swift in Sources */ = {isa = PBXBuildFile; fileRef = 4651584127E96F9F007901C6 /* ClientTests.swift */; };
		4651588927E98D49007901C6 /* LoginTests.swift in Sources */ = {isa = PBXBuildFile; fileRef = 4651588827E98D49007901C6 /* LoginTests.swift */; };
		4651589827E9C8FF007901C6 /* AddressTests.swift in Sources */ = {isa = PBXBuildFile; fileRef = 4651589727E9C8FF007901C6 /* AddressTests.swift */; };
		4663974627E704FA00080728 /* FavoriteSB.storyboard in Resources */ = {isa = PBXBuildFile; fileRef = 4663974527E704FA00080728 /* FavoriteSB.storyboard */; };
		4663974927E7051C00080728 /* FavoritesVC.swift in Sources */ = {isa = PBXBuildFile; fileRef = 4663974827E7051C00080728 /* FavoritesVC.swift */; };
		4663974C27E7052300080728 /* FavoriteCell.swift in Sources */ = {isa = PBXBuildFile; fileRef = 4663974B27E7052300080728 /* FavoriteCell.swift */; };
		4663975127E727E100080728 /* Product.swift in Sources */ = {isa = PBXBuildFile; fileRef = 4663975027E727E100080728 /* Product.swift */; };
		4691983427EA903500904906 /* CoreDataTests.swift in Sources */ = {isa = PBXBuildFile; fileRef = 4691983327EA903500904906 /* CoreDataTests.swift */; };
		46985B3827E09CE2003E3958 /* CategoryCell.swift in Sources */ = {isa = PBXBuildFile; fileRef = 46985B3727E09CE2003E3958 /* CategoryCell.swift */; };
		46985B3B27E09CEA003E3958 /* ProductCollectionCell.swift in Sources */ = {isa = PBXBuildFile; fileRef = 46985B3A27E09CEA003E3958 /* ProductCollectionCell.swift */; };
		46985B3E27E09CF1003E3958 /* CategoryVC.swift in Sources */ = {isa = PBXBuildFile; fileRef = 46985B3D27E09CF1003E3958 /* CategoryVC.swift */; };
		46985B4127E09CF8003E3958 /* SubCategoryCell.swift in Sources */ = {isa = PBXBuildFile; fileRef = 46985B4027E09CF8003E3958 /* SubCategoryCell.swift */; };
		46985B4427E09D56003E3958 /* CategorySB.storyboard in Resources */ = {isa = PBXBuildFile; fileRef = 46985B4327E09D56003E3958 /* CategorySB.storyboard */; };
		46985B4927E0A046003E3958 /* OnboardingSB.storyboard in Resources */ = {isa = PBXBuildFile; fileRef = 46985B4827E0A046003E3958 /* OnboardingSB.storyboard */; };
		46985B4C27E0A07B003E3958 /* OnBoardingVC.swift in Sources */ = {isa = PBXBuildFile; fileRef = 46985B4B27E0A07B003E3958 /* OnBoardingVC.swift */; };
		46AE1AD027E5CFA700A1BD60 /* SearchResultVC.swift in Sources */ = {isa = PBXBuildFile; fileRef = 46AE1ACF27E5CFA700A1BD60 /* SearchResultVC.swift */; };
		46BFE3B327E1948D00E9D5EF /* SearchSB.storyboard in Resources */ = {isa = PBXBuildFile; fileRef = 46BFE3B227E1948D00E9D5EF /* SearchSB.storyboard */; };
		46BFE3B727E199E300E9D5EF /* SearchingCell.swift in Sources */ = {isa = PBXBuildFile; fileRef = 46BFE3B627E199E300E9D5EF /* SearchingCell.swift */; };
		46BFE3BA27E1AA5400E9D5EF /* backgroundVideo.mp4 in Resources */ = {isa = PBXBuildFile; fileRef = 46BFE3B927E1AA5400E9D5EF /* backgroundVideo.mp4 */; };
		5B31820327E8CDF800322531 /* AddressVM.swift in Sources */ = {isa = PBXBuildFile; fileRef = 5B31820227E8CDF800322531 /* AddressVM.swift */; };
		5B31820527E8CE2900322531 /* AddressCellVM.swift in Sources */ = {isa = PBXBuildFile; fileRef = 5B31820427E8CE2900322531 /* AddressCellVM.swift */; };
		5B91FA0927E9280300355D14 /* VarientCell.swift in Sources */ = {isa = PBXBuildFile; fileRef = 5B91FA0727E9280300355D14 /* VarientCell.swift */; };
		5B91FA0A27E9280300355D14 /* VarientCell.xib in Resources */ = {isa = PBXBuildFile; fileRef = 5B91FA0827E9280300355D14 /* VarientCell.xib */; };
		5BA095E227D9785E00C17E57 /* AppDelegate.swift in Sources */ = {isa = PBXBuildFile; fileRef = 5BA095E127D9785E00C17E57 /* AppDelegate.swift */; };
		5BA095E427D9785E00C17E57 /* SceneDelegate.swift in Sources */ = {isa = PBXBuildFile; fileRef = 5BA095E327D9785E00C17E57 /* SceneDelegate.swift */; };
		5BA095E927D9785E00C17E57 /* Main.storyboard in Resources */ = {isa = PBXBuildFile; fileRef = 5BA095E727D9785E00C17E57 /* Main.storyboard */; };
		5BA095EB27D9786200C17E57 /* Assets.xcassets in Resources */ = {isa = PBXBuildFile; fileRef = 5BA095EA27D9786200C17E57 /* Assets.xcassets */; };
		5BA095EE27D9786200C17E57 /* LaunchScreen.storyboard in Resources */ = {isa = PBXBuildFile; fileRef = 5BA095EC27D9786200C17E57 /* LaunchScreen.storyboard */; };
		5BADDD8427E3CB3F00F11550 /* Client.swift in Sources */ = {isa = PBXBuildFile; fileRef = 5BADDD8327E3CB3F00F11550 /* Client.swift */; };
		5BADDD8627E3CBEA00F11550 /* ClientQuery.swift in Sources */ = {isa = PBXBuildFile; fileRef = 5BADDD8527E3CBEA00F11550 /* ClientQuery.swift */; };
		5BB7777827DFC64700ECAC8B /* ReviewCollectionCell.swift in Sources */ = {isa = PBXBuildFile; fileRef = 5BB7777227DFC64700ECAC8B /* ReviewCollectionCell.swift */; };
		5BB7777927DFC64700ECAC8B /* ProductCell.swift in Sources */ = {isa = PBXBuildFile; fileRef = 5BB7777327DFC64700ECAC8B /* ProductCell.swift */; };
		5BB7777A27DFC64700ECAC8B /* SliderCell.swift in Sources */ = {isa = PBXBuildFile; fileRef = 5BB7777427DFC64700ECAC8B /* SliderCell.swift */; };
		5BB7777B27DFC64700ECAC8B /* HeaderView.swift in Sources */ = {isa = PBXBuildFile; fileRef = 5BB7777527DFC64700ECAC8B /* HeaderView.swift */; };
		5BB7777C27DFC64700ECAC8B /* BrandCell.swift in Sources */ = {isa = PBXBuildFile; fileRef = 5BB7777627DFC64700ECAC8B /* BrandCell.swift */; };
		5BB7777D27DFC64700ECAC8B /* OffersCell.swift in Sources */ = {isa = PBXBuildFile; fileRef = 5BB7777727DFC64700ECAC8B /* OffersCell.swift */; };
		5BB7778527DFC65600ECAC8B /* BrandCell.xib in Resources */ = {isa = PBXBuildFile; fileRef = 5BB7777F27DFC65600ECAC8B /* BrandCell.xib */; };
		5BB7778627DFC65600ECAC8B /* HeaderView.xib in Resources */ = {isa = PBXBuildFile; fileRef = 5BB7778027DFC65600ECAC8B /* HeaderView.xib */; };
		5BB7778727DFC65600ECAC8B /* ProductCell.xib in Resources */ = {isa = PBXBuildFile; fileRef = 5BB7778127DFC65600ECAC8B /* ProductCell.xib */; };
		5BB7778827DFC65600ECAC8B /* SliderCell.xib in Resources */ = {isa = PBXBuildFile; fileRef = 5BB7778227DFC65600ECAC8B /* SliderCell.xib */; };
		5BB7778927DFC65600ECAC8B /* OffersCell.xib in Resources */ = {isa = PBXBuildFile; fileRef = 5BB7778327DFC65600ECAC8B /* OffersCell.xib */; };
		5BB7778A27DFC65600ECAC8B /* ReviewCollectionCell.xib in Resources */ = {isa = PBXBuildFile; fileRef = 5BB7778427DFC65600ECAC8B /* ReviewCollectionCell.xib */; };
		5BB7778C27DFC66500ECAC8B /* HomeVC.swift in Sources */ = {isa = PBXBuildFile; fileRef = 5BB7778B27DFC66500ECAC8B /* HomeVC.swift */; };
		5BB7778E27DFC66E00ECAC8B /* BrandProductsVC.swift in Sources */ = {isa = PBXBuildFile; fileRef = 5BB7778D27DFC66E00ECAC8B /* BrandProductsVC.swift */; };
		5BB7779027DFC67D00ECAC8B /* HomeSB.storyboard in Resources */ = {isa = PBXBuildFile; fileRef = 5BB7778F27DFC67D00ECAC8B /* HomeSB.storyboard */; };
		5BB7779227DFC68800ECAC8B /* ProductDetailsVC.swift in Sources */ = {isa = PBXBuildFile; fileRef = 5BB7779127DFC68800ECAC8B /* ProductDetailsVC.swift */; };
		B4B6FD9B370339984F9E761E /* libPods-eShtryTests.a in Frameworks */ = {isa = PBXBuildFile; fileRef = FCD4F95B2232B4D2AFE559CF /* libPods-eShtryTests.a */; };
		E23D329A27E832D300CA96F6 /* AllAddressesVC.swift in Sources */ = {isa = PBXBuildFile; fileRef = E23D329927E832D300CA96F6 /* AllAddressesVC.swift */; };
		E264E1BC27DFBD8100615EBF /* AddressVC.swift in Sources */ = {isa = PBXBuildFile; fileRef = E264E1B427DFBD8000615EBF /* AddressVC.swift */; };
		E264E1BD27DFBD8100615EBF /* LoginVC.swift in Sources */ = {isa = PBXBuildFile; fileRef = E264E1B527DFBD8000615EBF /* LoginVC.swift */; };
		E264E1BE27DFBD8100615EBF /* moreOrdersVC.swift in Sources */ = {isa = PBXBuildFile; fileRef = E264E1B627DFBD8100615EBF /* moreOrdersVC.swift */; };
		E264E1BF27DFBD8100615EBF /* CountryVC.swift in Sources */ = {isa = PBXBuildFile; fileRef = E264E1B727DFBD8100615EBF /* CountryVC.swift */; };
		E264E1C027DFBD8100615EBF /* meVC.swift in Sources */ = {isa = PBXBuildFile; fileRef = E264E1B827DFBD8100615EBF /* meVC.swift */; };
		E264E1C127DFBD8100615EBF /* meVC.storyboard in Resources */ = {isa = PBXBuildFile; fileRef = E264E1B927DFBD8100615EBF /* meVC.storyboard */; };
		E264E1C227DFBD8100615EBF /* OrdersTemp.swift in Sources */ = {isa = PBXBuildFile; fileRef = E264E1BA27DFBD8100615EBF /* OrdersTemp.swift */; };
		E264E1C327DFBD8100615EBF /* RegisterVC.swift in Sources */ = {isa = PBXBuildFile; fileRef = E264E1BB27DFBD8100615EBF /* RegisterVC.swift */; };
		E264E1C727DFE27B00615EBF /* myCountryProtocol.swift in Sources */ = {isa = PBXBuildFile; fileRef = E264E1C627DFE27B00615EBF /* myCountryProtocol.swift */; };
		E274EB4527E2828900923987 /* CurrencyVC.swift in Sources */ = {isa = PBXBuildFile; fileRef = E274EB4427E2828900923987 /* CurrencyVC.swift */; };
		E274EB4827E2987300923987 /* CurrenciesRoot.swift in Sources */ = {isa = PBXBuildFile; fileRef = E274EB4727E2987200923987 /* CurrenciesRoot.swift */; };
		E274EB4A27E2988700923987 /* currencies.swift in Sources */ = {isa = PBXBuildFile; fileRef = E274EB4927E2988700923987 /* currencies.swift */; };
		FAD2BA081DA2C5A5218F1744 /* Pods_eShtry.framework in Frameworks */ = {isa = PBXBuildFile; fileRef = 59AE22A783C47B4E8138ED9A /* Pods_eShtry.framework */; };
/* End PBXBuildFile section */

/* Begin PBXContainerItemProxy section */
		4651583A27E96F56007901C6 /* PBXContainerItemProxy */ = {
			isa = PBXContainerItemProxy;
			containerPortal = 5BA095D627D9785E00C17E57 /* Project object */;
			proxyType = 1;
			remoteGlobalIDString = 5BA095DD27D9785E00C17E57;
			remoteInfo = eShtry;
		};
/* End PBXContainerItemProxy section */

/* Begin PBXFileReference section */
		1914DEC927DFAE9B00931E5D /* CartViewModel.swift */ = {isa = PBXFileReference; fileEncoding = 4; lastKnownFileType = sourcecode.swift; path = CartViewModel.swift; sourceTree = "<group>"; };
		1914DECC27DFAE9B00931E5D /* UIView+Extension.swift */ = {isa = PBXFileReference; fileEncoding = 4; lastKnownFileType = sourcecode.swift; path = "UIView+Extension.swift"; sourceTree = "<group>"; };
		1914DECE27DFAE9B00931E5D /* Constant.swift */ = {isa = PBXFileReference; fileEncoding = 4; lastKnownFileType = sourcecode.swift; path = Constant.swift; sourceTree = "<group>"; };
		1914DED227DFAE9B00931E5D /* CartItemTableViewCell.swift */ = {isa = PBXFileReference; fileEncoding = 4; lastKnownFileType = sourcecode.swift; path = CartItemTableViewCell.swift; sourceTree = "<group>"; };
		1914DED427DFAE9B00931E5D /* CartItemCollectionViewCell.swift */ = {isa = PBXFileReference; fileEncoding = 4; lastKnownFileType = sourcecode.swift; path = CartItemCollectionViewCell.swift; sourceTree = "<group>"; };
		1914DED627DFAE9B00931E5D /* TopRoundView.swift */ = {isa = PBXFileReference; fileEncoding = 4; lastKnownFileType = sourcecode.swift; path = TopRoundView.swift; sourceTree = "<group>"; };
		1914DED727DFAE9B00931E5D /* ImageButton.swift */ = {isa = PBXFileReference; fileEncoding = 4; lastKnownFileType = sourcecode.swift; path = ImageButton.swift; sourceTree = "<group>"; };
		1914DED827DFAE9B00931E5D /* DefaultButton.swift */ = {isa = PBXFileReference; fileEncoding = 4; lastKnownFileType = sourcecode.swift; path = DefaultButton.swift; sourceTree = "<group>"; };
		1914DEDB27DFAE9B00931E5D /* SeconderyTitleLabel.swift */ = {isa = PBXFileReference; fileEncoding = 4; lastKnownFileType = sourcecode.swift; path = SeconderyTitleLabel.swift; sourceTree = "<group>"; };
		1914DEDC27DFAE9B00931E5D /* DefaultTitleLabel.swift */ = {isa = PBXFileReference; fileEncoding = 4; lastKnownFileType = sourcecode.swift; path = DefaultTitleLabel.swift; sourceTree = "<group>"; };
		1914DEDE27DFAE9B00931E5D /* CartVC.swift */ = {isa = PBXFileReference; fileEncoding = 4; lastKnownFileType = sourcecode.swift; path = CartVC.swift; sourceTree = "<group>"; };
		1914DEDF27DFAE9B00931E5D /* CompleteOrderVC.swift */ = {isa = PBXFileReference; fileEncoding = 4; lastKnownFileType = sourcecode.swift; path = CompleteOrderVC.swift; sourceTree = "<group>"; };
		1914DEE127DFAE9B00931E5D /* LineView.swift */ = {isa = PBXFileReference; fileEncoding = 4; lastKnownFileType = sourcecode.swift; path = LineView.swift; sourceTree = "<group>"; };
		1914DEE227DFAE9B00931E5D /* DefaultView.swift */ = {isa = PBXFileReference; fileEncoding = 4; lastKnownFileType = sourcecode.swift; path = DefaultView.swift; sourceTree = "<group>"; };
		1914DEE427DFAE9B00931E5D /* DefaultImageView.swift */ = {isa = PBXFileReference; fileEncoding = 4; lastKnownFileType = sourcecode.swift; path = DefaultImageView.swift; sourceTree = "<group>"; };
		1914DEE627DFAE9B00931E5D /* CartItem.swift */ = {isa = PBXFileReference; fileEncoding = 4; lastKnownFileType = sourcecode.swift; path = CartItem.swift; sourceTree = "<group>"; };
		1914DEE827DFAE9B00931E5D /* Almarai-Bold.ttf */ = {isa = PBXFileReference; lastKnownFileType = file; path = "Almarai-Bold.ttf"; sourceTree = "<group>"; };
		1914DEE927DFAE9B00931E5D /* Almarai-ExtraBold.ttf */ = {isa = PBXFileReference; lastKnownFileType = file; path = "Almarai-ExtraBold.ttf"; sourceTree = "<group>"; };
		1914DEEA27DFAE9B00931E5D /* Almarai-Regular.ttf */ = {isa = PBXFileReference; lastKnownFileType = file; path = "Almarai-Regular.ttf"; sourceTree = "<group>"; };
		1914DEEB27DFAE9B00931E5D /* Almarai-Light.ttf */ = {isa = PBXFileReference; lastKnownFileType = file; path = "Almarai-Light.ttf"; sourceTree = "<group>"; };
		191D932D27E217DF008D0E89 /* CountriesRoot.swift */ = {isa = PBXFileReference; lastKnownFileType = sourcecode.swift; path = CountriesRoot.swift; sourceTree = "<group>"; };
		191D932F27E21ACA008D0E89 /* Countries.swift */ = {isa = PBXFileReference; lastKnownFileType = sourcecode.swift; path = Countries.swift; sourceTree = "<group>"; };
		191D933127E21AF4008D0E89 /* Provinces.swift */ = {isa = PBXFileReference; lastKnownFileType = sourcecode.swift; path = Provinces.swift; sourceTree = "<group>"; };
		191D933427E2311B008D0E89 /* UIImageView+Extension.swift */ = {isa = PBXFileReference; lastKnownFileType = sourcecode.swift; name = "UIImageView+Extension.swift"; path = "eShtry/Extension/UIImageView/UIImageView+Extension.swift"; sourceTree = SOURCE_ROOT; };
		1932DD1327E4CA6100A870BA /* UIViewController+Extension.swift */ = {isa = PBXFileReference; fileEncoding = 4; lastKnownFileType = sourcecode.swift; path = "UIViewController+Extension.swift"; sourceTree = "<group>"; };
		1940F67427E7A17800E40429 /* HomeProductViewModel.swift */ = {isa = PBXFileReference; lastKnownFileType = sourcecode.swift; path = HomeProductViewModel.swift; sourceTree = "<group>"; };
		1940F67627E7A18A00E40429 /* HomeProductCellViewModel.swift */ = {isa = PBXFileReference; lastKnownFileType = sourcecode.swift; path = HomeProductCellViewModel.swift; sourceTree = "<group>"; };
		1940F67927E7A6D900E40429 /* HomeViewModel.swift */ = {isa = PBXFileReference; lastKnownFileType = sourcecode.swift; path = HomeViewModel.swift; sourceTree = "<group>"; };
		1940F67B27E7A70F00E40429 /* BrandCellViewModel.swift */ = {isa = PBXFileReference; lastKnownFileType = sourcecode.swift; path = BrandCellViewModel.swift; sourceTree = "<group>"; };
		194E0CBF27E0D53E005CE014 /* ProductsRoot.swift */ = {isa = PBXFileReference; lastKnownFileType = sourcecode.swift; path = ProductsRoot.swift; sourceTree = "<group>"; };
		194E0CC127E0D59D005CE014 /* Products.swift */ = {isa = PBXFileReference; lastKnownFileType = sourcecode.swift; path = Products.swift; sourceTree = "<group>"; };
		194E0CC327E0D5E8005CE014 /* Variants.swift */ = {isa = PBXFileReference; lastKnownFileType = sourcecode.swift; path = Variants.swift; sourceTree = "<group>"; };
		194E0CC527E0D613005CE014 /* Options.swift */ = {isa = PBXFileReference; lastKnownFileType = sourcecode.swift; path = Options.swift; sourceTree = "<group>"; };
		194E0CC727E0D653005CE014 /* Images.swift */ = {isa = PBXFileReference; lastKnownFileType = sourcecode.swift; path = Images.swift; sourceTree = "<group>"; };
		194E0CC927E0D66F005CE014 /* Image.swift */ = {isa = PBXFileReference; lastKnownFileType = sourcecode.swift; path = Image.swift; sourceTree = "<group>"; };
		194E0CCE27E0D775005CE014 /* NetworkManager.swift */ = {isa = PBXFileReference; lastKnownFileType = sourcecode.swift; path = NetworkManager.swift; sourceTree = "<group>"; };
		194E0CD227E0D855005CE014 /* ErrorMessages.swift */ = {isa = PBXFileReference; lastKnownFileType = sourcecode.swift; path = ErrorMessages.swift; sourceTree = "<group>"; };
		194E0CD527E0DDBF005CE014 /* SmartCollectionRoot.swift */ = {isa = PBXFileReference; lastKnownFileType = sourcecode.swift; path = SmartCollectionRoot.swift; sourceTree = "<group>"; };
		194E0CD727E0DE30005CE014 /* SmartCollection.swift */ = {isa = PBXFileReference; lastKnownFileType = sourcecode.swift; path = SmartCollection.swift; sourceTree = "<group>"; };
		194E0CD927E0DE59005CE014 /* Rules.swift */ = {isa = PBXFileReference; lastKnownFileType = sourcecode.swift; path = Rules.swift; sourceTree = "<group>"; };
		194E0CDB27E0DEBC005CE014 /* ImageForCollection.swift */ = {isa = PBXFileReference; lastKnownFileType = sourcecode.swift; path = ImageForCollection.swift; sourceTree = "<group>"; };
		194E0CE127E0F5D6005CE014 /* AddressesRoot.swift */ = {isa = PBXFileReference; lastKnownFileType = sourcecode.swift; path = AddressesRoot.swift; sourceTree = "<group>"; };
		194E0CE327E0F64A005CE014 /* Addresses.swift */ = {isa = PBXFileReference; lastKnownFileType = sourcecode.swift; path = Addresses.swift; sourceTree = "<group>"; };
		194E0CE827E110DA005CE014 /* Customer.swift */ = {isa = PBXFileReference; lastKnownFileType = sourcecode.swift; path = Customer.swift; sourceTree = "<group>"; };
		194E0CEA27E116EA005CE014 /* CustomarRoot.swift */ = {isa = PBXFileReference; lastKnownFileType = sourcecode.swift; path = CustomarRoot.swift; sourceTree = "<group>"; };
		19717E5727E3B5F900E693C4 /* CoreDataManager.swift */ = {isa = PBXFileReference; fileEncoding = 4; lastKnownFileType = sourcecode.swift; path = CoreDataManager.swift; sourceTree = "<group>"; };
		19717E5C27E3B5F900E693C4 /* EshtryCoreDataModel.xcdatamodel */ = {isa = PBXFileReference; lastKnownFileType = wrapper.xcdatamodel; path = EshtryCoreDataModel.xcdatamodel; sourceTree = "<group>"; };
		1972DCAE27E9E966003236B2 /* CompleteOrderViewModel.swift */ = {isa = PBXFileReference; lastKnownFileType = sourcecode.swift; path = CompleteOrderViewModel.swift; sourceTree = "<group>"; };
		1972DCB027E9EBDC003236B2 /* CompleteOrderCellViewModel.swift */ = {isa = PBXFileReference; lastKnownFileType = sourcecode.swift; path = CompleteOrderCellViewModel.swift; sourceTree = "<group>"; };
		197BA51C27E5C53B00859893 /* CartItemCellViewModel.swift */ = {isa = PBXFileReference; lastKnownFileType = sourcecode.swift; path = CartItemCellViewModel.swift; sourceTree = "<group>"; };
		197CA85027E15C8F0032A605 /* OrdersRoot.swift */ = {isa = PBXFileReference; lastKnownFileType = sourcecode.swift; path = OrdersRoot.swift; sourceTree = "<group>"; };
		197CA85227E15D0B0032A605 /* Orders.swift */ = {isa = PBXFileReference; lastKnownFileType = sourcecode.swift; path = Orders.swift; sourceTree = "<group>"; };
		197CA85427E15D6D0032A605 /* CurrentSubtotalPriceSet.swift */ = {isa = PBXFileReference; lastKnownFileType = sourcecode.swift; path = CurrentSubtotalPriceSet.swift; sourceTree = "<group>"; };
		197CA85627E15DCB0032A605 /* CurrentTotalDiscountsSet.swift */ = {isa = PBXFileReference; lastKnownFileType = sourcecode.swift; path = CurrentTotalDiscountsSet.swift; sourceTree = "<group>"; };
		197CA85827E15F070032A605 /* SubtotalPriceSet.swift */ = {isa = PBXFileReference; lastKnownFileType = sourcecode.swift; path = SubtotalPriceSet.swift; sourceTree = "<group>"; };
		197CA85A27E15F440032A605 /* TotalDiscountsSet.swift */ = {isa = PBXFileReference; lastKnownFileType = sourcecode.swift; path = TotalDiscountsSet.swift; sourceTree = "<group>"; };
		197CA85C27E15FB10032A605 /* TotalLineItemsPriceSet.swift */ = {isa = PBXFileReference; lastKnownFileType = sourcecode.swift; path = TotalLineItemsPriceSet.swift; sourceTree = "<group>"; };
		197CA85E27E15FFA0032A605 /* TotalPriceSet.swift */ = {isa = PBXFileReference; lastKnownFileType = sourcecode.swift; path = TotalPriceSet.swift; sourceTree = "<group>"; };
		197CA86027E160490032A605 /* TotalShippingPriceSet.swift */ = {isa = PBXFileReference; lastKnownFileType = sourcecode.swift; path = TotalShippingPriceSet.swift; sourceTree = "<group>"; };
		197CA86227E160BB0032A605 /* TotalTaxSet.swift */ = {isa = PBXFileReference; lastKnownFileType = sourcecode.swift; path = TotalTaxSet.swift; sourceTree = "<group>"; };
		197CA86427E160FD0032A605 /* LineItems.swift */ = {isa = PBXFileReference; lastKnownFileType = sourcecode.swift; path = LineItems.swift; sourceTree = "<group>"; };
		197CA86627E161C70032A605 /* ShopMoney.swift */ = {isa = PBXFileReference; lastKnownFileType = sourcecode.swift; path = ShopMoney.swift; sourceTree = "<group>"; };
		197CA86927E162120032A605 /* PresentmentMoney.swift */ = {isa = PBXFileReference; lastKnownFileType = sourcecode.swift; path = PresentmentMoney.swift; sourceTree = "<group>"; };
		197CA86B27E163330032A605 /* PriceSet.swift */ = {isa = PBXFileReference; lastKnownFileType = sourcecode.swift; path = PriceSet.swift; sourceTree = "<group>"; };
		197CA86E27E164230032A605 /* CurrentTotalTaxSet.swift */ = {isa = PBXFileReference; lastKnownFileType = sourcecode.swift; path = CurrentTotalTaxSet.swift; sourceTree = "<group>"; };
		197CA87027E164720032A605 /* CurrentTotalPriceSet.swift */ = {isa = PBXFileReference; lastKnownFileType = sourcecode.swift; path = CurrentTotalPriceSet.swift; sourceTree = "<group>"; };
		197CA87227E166BD0032A605 /* TotalDiscountSet.swift */ = {isa = PBXFileReference; lastKnownFileType = sourcecode.swift; path = TotalDiscountSet.swift; sourceTree = "<group>"; };
		197F708C27E9472E00651771 /* OrderCustomer.swift */ = {isa = PBXFileReference; lastKnownFileType = sourcecode.swift; path = OrderCustomer.swift; sourceTree = "<group>"; };
		197F708F27E9476F00651771 /* Order.swift */ = {isa = PBXFileReference; lastKnownFileType = sourcecode.swift; path = Order.swift; sourceTree = "<group>"; };
		19A1471827E514F10037C866 /* AddressCollectionViewCell.swift */ = {isa = PBXFileReference; lastKnownFileType = sourcecode.swift; path = AddressCollectionViewCell.swift; sourceTree = "<group>"; };
		19A8C44E27E2AF3F00E6D1F6 /* UserDefaultsClass.swift */ = {isa = PBXFileReference; lastKnownFileType = sourcecode.swift; path = UserDefaultsClass.swift; sourceTree = "<group>"; };
		19B1845827E50B8A0069B30E /* NetworkReachibility.swift */ = {isa = PBXFileReference; fileEncoding = 4; lastKnownFileType = sourcecode.swift; path = NetworkReachibility.swift; sourceTree = "<group>"; };
		19CDC88827E73BEA009B0E9F /* BrandProductViewModel.swift */ = {isa = PBXFileReference; lastKnownFileType = sourcecode.swift; path = BrandProductViewModel.swift; sourceTree = "<group>"; };
		19CDC88A27E73D44009B0E9F /* BrandProductCellViewModel.swift */ = {isa = PBXFileReference; lastKnownFileType = sourcecode.swift; path = BrandProductCellViewModel.swift; sourceTree = "<group>"; };
		19CDC88E27E750E1009B0E9F /* ProductDetailsViewModel.swift */ = {isa = PBXFileReference; lastKnownFileType = sourcecode.swift; path = ProductDetailsViewModel.swift; sourceTree = "<group>"; };
		19CDC89327E75C07009B0E9F /* CategoryViewModel.swift */ = {isa = PBXFileReference; lastKnownFileType = sourcecode.swift; path = CategoryViewModel.swift; sourceTree = "<group>"; };
		19CDC89527E75CD9009B0E9F /* CategoryCellViewModel.swift */ = {isa = PBXFileReference; lastKnownFileType = sourcecode.swift; path = CategoryCellViewModel.swift; sourceTree = "<group>"; };
		4651583527E96F56007901C6 /* eShtryTests.xctest */ = {isa = PBXFileReference; explicitFileType = wrapper.cfbundle; includeInIndex = 0; path = eShtryTests.xctest; sourceTree = BUILT_PRODUCTS_DIR; };
		4651583927E96F56007901C6 /* Info.plist */ = {isa = PBXFileReference; lastKnownFileType = text.plist.xml; path = Info.plist; sourceTree = "<group>"; };
		4651584127E96F9F007901C6 /* ClientTests.swift */ = {isa = PBXFileReference; lastKnownFileType = sourcecode.swift; path = ClientTests.swift; sourceTree = "<group>"; };
		4651584727E979AC007901C6 /* MobileBuySDK.framework */ = {isa = PBXFileReference; explicitFileType = wrapper.framework; path = MobileBuySDK.framework; sourceTree = BUILT_PRODUCTS_DIR; };
		4651584B27E97A2C007901C6 /* MobileBuySDK.framework */ = {isa = PBXFileReference; explicitFileType = wrapper.framework; path = MobileBuySDK.framework; sourceTree = BUILT_PRODUCTS_DIR; };
		4651585827E97B07007901C6 /* MobileBuySDK.framework */ = {isa = PBXFileReference; explicitFileType = wrapper.framework; path = MobileBuySDK.framework; sourceTree = BUILT_PRODUCTS_DIR; };
		4651588827E98D49007901C6 /* LoginTests.swift */ = {isa = PBXFileReference; lastKnownFileType = sourcecode.swift; path = LoginTests.swift; sourceTree = "<group>"; };
		4651589727E9C8FF007901C6 /* AddressTests.swift */ = {isa = PBXFileReference; lastKnownFileType = sourcecode.swift; path = AddressTests.swift; sourceTree = "<group>"; };
		4663974527E704FA00080728 /* FavoriteSB.storyboard */ = {isa = PBXFileReference; lastKnownFileType = file.storyboard; path = FavoriteSB.storyboard; sourceTree = "<group>"; };
		4663974827E7051C00080728 /* FavoritesVC.swift */ = {isa = PBXFileReference; fileEncoding = 4; lastKnownFileType = sourcecode.swift; path = FavoritesVC.swift; sourceTree = "<group>"; };
		4663974B27E7052300080728 /* FavoriteCell.swift */ = {isa = PBXFileReference; fileEncoding = 4; lastKnownFileType = sourcecode.swift; path = FavoriteCell.swift; sourceTree = "<group>"; };
		4663975027E727E100080728 /* Product.swift */ = {isa = PBXFileReference; lastKnownFileType = sourcecode.swift; path = Product.swift; sourceTree = "<group>"; };
		4691983327EA903500904906 /* CoreDataTests.swift */ = {isa = PBXFileReference; lastKnownFileType = sourcecode.swift; path = CoreDataTests.swift; sourceTree = "<group>"; };
		46985B3727E09CE2003E3958 /* CategoryCell.swift */ = {isa = PBXFileReference; fileEncoding = 4; lastKnownFileType = sourcecode.swift; path = CategoryCell.swift; sourceTree = "<group>"; };
		46985B3A27E09CEA003E3958 /* ProductCollectionCell.swift */ = {isa = PBXFileReference; fileEncoding = 4; lastKnownFileType = sourcecode.swift; path = ProductCollectionCell.swift; sourceTree = "<group>"; };
		46985B3D27E09CF1003E3958 /* CategoryVC.swift */ = {isa = PBXFileReference; fileEncoding = 4; lastKnownFileType = sourcecode.swift; path = CategoryVC.swift; sourceTree = "<group>"; };
		46985B4027E09CF8003E3958 /* SubCategoryCell.swift */ = {isa = PBXFileReference; fileEncoding = 4; lastKnownFileType = sourcecode.swift; path = SubCategoryCell.swift; sourceTree = "<group>"; };
		46985B4327E09D56003E3958 /* CategorySB.storyboard */ = {isa = PBXFileReference; lastKnownFileType = file.storyboard; path = CategorySB.storyboard; sourceTree = "<group>"; };
		46985B4827E0A046003E3958 /* OnboardingSB.storyboard */ = {isa = PBXFileReference; lastKnownFileType = file.storyboard; path = OnboardingSB.storyboard; sourceTree = "<group>"; };
		46985B4B27E0A07B003E3958 /* OnBoardingVC.swift */ = {isa = PBXFileReference; fileEncoding = 4; lastKnownFileType = sourcecode.swift; path = OnBoardingVC.swift; sourceTree = "<group>"; };
		46AE1ACF27E5CFA700A1BD60 /* SearchResultVC.swift */ = {isa = PBXFileReference; lastKnownFileType = sourcecode.swift; path = SearchResultVC.swift; sourceTree = "<group>"; };
		46BFE3B227E1948D00E9D5EF /* SearchSB.storyboard */ = {isa = PBXFileReference; lastKnownFileType = file.storyboard; path = SearchSB.storyboard; sourceTree = "<group>"; };
		46BFE3B627E199E300E9D5EF /* SearchingCell.swift */ = {isa = PBXFileReference; lastKnownFileType = sourcecode.swift; path = SearchingCell.swift; sourceTree = "<group>"; };
		46BFE3B927E1AA5400E9D5EF /* backgroundVideo.mp4 */ = {isa = PBXFileReference; lastKnownFileType = file; path = backgroundVideo.mp4; sourceTree = "<group>"; };
		59AE22A783C47B4E8138ED9A /* Pods_eShtry.framework */ = {isa = PBXFileReference; explicitFileType = wrapper.framework; includeInIndex = 0; path = Pods_eShtry.framework; sourceTree = BUILT_PRODUCTS_DIR; };
		5B31820227E8CDF800322531 /* AddressVM.swift */ = {isa = PBXFileReference; lastKnownFileType = sourcecode.swift; path = AddressVM.swift; sourceTree = "<group>"; };
		5B31820427E8CE2900322531 /* AddressCellVM.swift */ = {isa = PBXFileReference; lastKnownFileType = sourcecode.swift; path = AddressCellVM.swift; sourceTree = "<group>"; };
		5B91FA0727E9280300355D14 /* VarientCell.swift */ = {isa = PBXFileReference; lastKnownFileType = sourcecode.swift; path = VarientCell.swift; sourceTree = "<group>"; };
		5B91FA0827E9280300355D14 /* VarientCell.xib */ = {isa = PBXFileReference; lastKnownFileType = file.xib; path = VarientCell.xib; sourceTree = "<group>"; };
		5BA095DE27D9785E00C17E57 /* eShtry.app */ = {isa = PBXFileReference; explicitFileType = wrapper.application; includeInIndex = 0; path = eShtry.app; sourceTree = BUILT_PRODUCTS_DIR; };
		5BA095E127D9785E00C17E57 /* AppDelegate.swift */ = {isa = PBXFileReference; lastKnownFileType = sourcecode.swift; path = AppDelegate.swift; sourceTree = "<group>"; };
		5BA095E327D9785E00C17E57 /* SceneDelegate.swift */ = {isa = PBXFileReference; lastKnownFileType = sourcecode.swift; path = SceneDelegate.swift; sourceTree = "<group>"; };
		5BA095E827D9785E00C17E57 /* Base */ = {isa = PBXFileReference; lastKnownFileType = file.storyboard; name = Base; path = Base.lproj/Main.storyboard; sourceTree = "<group>"; };
		5BA095EA27D9786200C17E57 /* Assets.xcassets */ = {isa = PBXFileReference; lastKnownFileType = folder.assetcatalog; path = Assets.xcassets; sourceTree = "<group>"; };
		5BA095ED27D9786200C17E57 /* Base */ = {isa = PBXFileReference; lastKnownFileType = file.storyboard; name = Base; path = Base.lproj/LaunchScreen.storyboard; sourceTree = "<group>"; };
		5BA095EF27D9786200C17E57 /* Info.plist */ = {isa = PBXFileReference; lastKnownFileType = text.plist.xml; path = Info.plist; sourceTree = "<group>"; };
		5BADDD8327E3CB3F00F11550 /* Client.swift */ = {isa = PBXFileReference; lastKnownFileType = sourcecode.swift; path = Client.swift; sourceTree = "<group>"; };
		5BADDD8527E3CBEA00F11550 /* ClientQuery.swift */ = {isa = PBXFileReference; lastKnownFileType = sourcecode.swift; path = ClientQuery.swift; sourceTree = "<group>"; };
		5BB7777227DFC64700ECAC8B /* ReviewCollectionCell.swift */ = {isa = PBXFileReference; fileEncoding = 4; lastKnownFileType = sourcecode.swift; path = ReviewCollectionCell.swift; sourceTree = "<group>"; };
		5BB7777327DFC64700ECAC8B /* ProductCell.swift */ = {isa = PBXFileReference; fileEncoding = 4; lastKnownFileType = sourcecode.swift; path = ProductCell.swift; sourceTree = "<group>"; };
		5BB7777427DFC64700ECAC8B /* SliderCell.swift */ = {isa = PBXFileReference; fileEncoding = 4; lastKnownFileType = sourcecode.swift; path = SliderCell.swift; sourceTree = "<group>"; };
		5BB7777527DFC64700ECAC8B /* HeaderView.swift */ = {isa = PBXFileReference; fileEncoding = 4; lastKnownFileType = sourcecode.swift; path = HeaderView.swift; sourceTree = "<group>"; };
		5BB7777627DFC64700ECAC8B /* BrandCell.swift */ = {isa = PBXFileReference; fileEncoding = 4; lastKnownFileType = sourcecode.swift; path = BrandCell.swift; sourceTree = "<group>"; };
		5BB7777727DFC64700ECAC8B /* OffersCell.swift */ = {isa = PBXFileReference; fileEncoding = 4; lastKnownFileType = sourcecode.swift; path = OffersCell.swift; sourceTree = "<group>"; };
		5BB7777F27DFC65600ECAC8B /* BrandCell.xib */ = {isa = PBXFileReference; fileEncoding = 4; lastKnownFileType = file.xib; path = BrandCell.xib; sourceTree = "<group>"; };
		5BB7778027DFC65600ECAC8B /* HeaderView.xib */ = {isa = PBXFileReference; fileEncoding = 4; lastKnownFileType = file.xib; path = HeaderView.xib; sourceTree = "<group>"; };
		5BB7778127DFC65600ECAC8B /* ProductCell.xib */ = {isa = PBXFileReference; fileEncoding = 4; lastKnownFileType = file.xib; path = ProductCell.xib; sourceTree = "<group>"; };
		5BB7778227DFC65600ECAC8B /* SliderCell.xib */ = {isa = PBXFileReference; fileEncoding = 4; lastKnownFileType = file.xib; path = SliderCell.xib; sourceTree = "<group>"; };
		5BB7778327DFC65600ECAC8B /* OffersCell.xib */ = {isa = PBXFileReference; fileEncoding = 4; lastKnownFileType = file.xib; path = OffersCell.xib; sourceTree = "<group>"; };
		5BB7778427DFC65600ECAC8B /* ReviewCollectionCell.xib */ = {isa = PBXFileReference; fileEncoding = 4; lastKnownFileType = file.xib; path = ReviewCollectionCell.xib; sourceTree = "<group>"; };
		5BB7778B27DFC66500ECAC8B /* HomeVC.swift */ = {isa = PBXFileReference; fileEncoding = 4; lastKnownFileType = sourcecode.swift; path = HomeVC.swift; sourceTree = "<group>"; };
		5BB7778D27DFC66E00ECAC8B /* BrandProductsVC.swift */ = {isa = PBXFileReference; fileEncoding = 4; lastKnownFileType = sourcecode.swift; path = BrandProductsVC.swift; sourceTree = "<group>"; };
		5BB7778F27DFC67D00ECAC8B /* HomeSB.storyboard */ = {isa = PBXFileReference; fileEncoding = 4; lastKnownFileType = file.storyboard; path = HomeSB.storyboard; sourceTree = "<group>"; };
		5BB7779127DFC68800ECAC8B /* ProductDetailsVC.swift */ = {isa = PBXFileReference; fileEncoding = 4; lastKnownFileType = sourcecode.swift; path = ProductDetailsVC.swift; sourceTree = "<group>"; };
		6473E323D474301E6FAF8464 /* Pods-eShtryTests.release.xcconfig */ = {isa = PBXFileReference; includeInIndex = 1; lastKnownFileType = text.xcconfig; name = "Pods-eShtryTests.release.xcconfig"; path = "Target Support Files/Pods-eShtryTests/Pods-eShtryTests.release.xcconfig"; sourceTree = "<group>"; };
		978953532F5B5F1905E03468 /* Pods-eShtryTests.debug.xcconfig */ = {isa = PBXFileReference; includeInIndex = 1; lastKnownFileType = text.xcconfig; name = "Pods-eShtryTests.debug.xcconfig"; path = "Target Support Files/Pods-eShtryTests/Pods-eShtryTests.debug.xcconfig"; sourceTree = "<group>"; };
		E23D329927E832D300CA96F6 /* AllAddressesVC.swift */ = {isa = PBXFileReference; lastKnownFileType = sourcecode.swift; path = AllAddressesVC.swift; sourceTree = "<group>"; };
		E264E1B427DFBD8000615EBF /* AddressVC.swift */ = {isa = PBXFileReference; fileEncoding = 4; lastKnownFileType = sourcecode.swift; path = AddressVC.swift; sourceTree = "<group>"; };
		E264E1B527DFBD8000615EBF /* LoginVC.swift */ = {isa = PBXFileReference; fileEncoding = 4; lastKnownFileType = sourcecode.swift; path = LoginVC.swift; sourceTree = "<group>"; };
		E264E1B627DFBD8100615EBF /* moreOrdersVC.swift */ = {isa = PBXFileReference; fileEncoding = 4; lastKnownFileType = sourcecode.swift; path = moreOrdersVC.swift; sourceTree = "<group>"; };
		E264E1B727DFBD8100615EBF /* CountryVC.swift */ = {isa = PBXFileReference; fileEncoding = 4; lastKnownFileType = sourcecode.swift; path = CountryVC.swift; sourceTree = "<group>"; };
		E264E1B827DFBD8100615EBF /* meVC.swift */ = {isa = PBXFileReference; fileEncoding = 4; lastKnownFileType = sourcecode.swift; path = meVC.swift; sourceTree = "<group>"; };
		E264E1B927DFBD8100615EBF /* meVC.storyboard */ = {isa = PBXFileReference; fileEncoding = 4; lastKnownFileType = file.storyboard; path = meVC.storyboard; sourceTree = "<group>"; };
		E264E1BA27DFBD8100615EBF /* OrdersTemp.swift */ = {isa = PBXFileReference; fileEncoding = 4; lastKnownFileType = sourcecode.swift; path = OrdersTemp.swift; sourceTree = "<group>"; };
		E264E1BB27DFBD8100615EBF /* RegisterVC.swift */ = {isa = PBXFileReference; fileEncoding = 4; lastKnownFileType = sourcecode.swift; path = RegisterVC.swift; sourceTree = "<group>"; };
		E264E1C627DFE27B00615EBF /* myCountryProtocol.swift */ = {isa = PBXFileReference; fileEncoding = 4; lastKnownFileType = sourcecode.swift; path = myCountryProtocol.swift; sourceTree = "<group>"; };
		E274EB4427E2828900923987 /* CurrencyVC.swift */ = {isa = PBXFileReference; lastKnownFileType = sourcecode.swift; path = CurrencyVC.swift; sourceTree = "<group>"; };
		E274EB4727E2987200923987 /* CurrenciesRoot.swift */ = {isa = PBXFileReference; lastKnownFileType = sourcecode.swift; path = CurrenciesRoot.swift; sourceTree = "<group>"; };
		E274EB4927E2988700923987 /* currencies.swift */ = {isa = PBXFileReference; lastKnownFileType = sourcecode.swift; path = currencies.swift; sourceTree = "<group>"; };
		E3D2A215FC889DBE0105810E /* Pods-eShtry.debug.xcconfig */ = {isa = PBXFileReference; includeInIndex = 1; lastKnownFileType = text.xcconfig; name = "Pods-eShtry.debug.xcconfig"; path = "Target Support Files/Pods-eShtry/Pods-eShtry.debug.xcconfig"; sourceTree = "<group>"; };
		EA078BB554EC25FEF04D6FB2 /* Pods-eShtry.release.xcconfig */ = {isa = PBXFileReference; includeInIndex = 1; lastKnownFileType = text.xcconfig; name = "Pods-eShtry.release.xcconfig"; path = "Target Support Files/Pods-eShtry/Pods-eShtry.release.xcconfig"; sourceTree = "<group>"; };
		FCD4F95B2232B4D2AFE559CF /* libPods-eShtryTests.a */ = {isa = PBXFileReference; explicitFileType = archive.ar; includeInIndex = 0; path = "libPods-eShtryTests.a"; sourceTree = BUILT_PRODUCTS_DIR; };
/* End PBXFileReference section */

/* Begin PBXFrameworksBuildPhase section */
		4651583227E96F56007901C6 /* Frameworks */ = {
			isa = PBXFrameworksBuildPhase;
			buildActionMask = 2147483647;
			files = (
				B4B6FD9B370339984F9E761E /* libPods-eShtryTests.a in Frameworks */,
			);
			runOnlyForDeploymentPostprocessing = 0;
		};
		5BA095DB27D9785E00C17E57 /* Frameworks */ = {
			isa = PBXFrameworksBuildPhase;
			buildActionMask = 2147483647;
			files = (
				FAD2BA081DA2C5A5218F1744 /* Pods_eShtry.framework in Frameworks */,
			);
			runOnlyForDeploymentPostprocessing = 0;
		};
/* End PBXFrameworksBuildPhase section */

/* Begin PBXGroup section */
		1907960C27E688EA00276BB4 /* ViewModel */ = {
			isa = PBXGroup;
			children = (
				1940F66D27E7A10700E40429 /* HomeBrandsAndProducts */,
				19CDC88C27E750BB009B0E9F /* ProductDetails */,
				19CDC88727E73BC3009B0E9F /* BrandProduct */,
			);
			path = ViewModel;
			sourceTree = "<group>";
		};
		1907961327E6995F00276BB4 /* View */ = {
			isa = PBXGroup;
			children = (
				5B24860827E8057600B9E71D /* XIB's */,
				1907961427E6997200276BB4 /* StorayBoards */,
				5BB7777127DFC64700ECAC8B /* Coustom Cells */,
				1907961527E6998600276BB4 /* Controller */,
			);
			path = View;
			sourceTree = "<group>";
		};
		1907961427E6997200276BB4 /* StorayBoards */ = {
			isa = PBXGroup;
			children = (
				5BB7778F27DFC67D00ECAC8B /* HomeSB.storyboard */,
			);
			path = StorayBoards;
			sourceTree = "<group>";
		};
		1907961527E6998600276BB4 /* Controller */ = {
			isa = PBXGroup;
			children = (
				5BB7778D27DFC66E00ECAC8B /* BrandProductsVC.swift */,
				5BB7778B27DFC66500ECAC8B /* HomeVC.swift */,
				5BB7779127DFC68800ECAC8B /* ProductDetailsVC.swift */,
			);
			path = Controller;
			sourceTree = "<group>";
		};
		1907961627E699D900276BB4 /* CollectionViewCells */ = {
			isa = PBXGroup;
			children = (
				1907961827E69A0500276BB4 /* CustomViews */,
				1907961727E699E900276BB4 /* Cells */,
			);
			path = CollectionViewCells;
			sourceTree = "<group>";
		};
		1907961727E699E900276BB4 /* Cells */ = {
			isa = PBXGroup;
			children = (
				5BB7777227DFC64700ECAC8B /* ReviewCollectionCell.swift */,
				5BB7777327DFC64700ECAC8B /* ProductCell.swift */,
				5BB7777427DFC64700ECAC8B /* SliderCell.swift */,
				5BB7777627DFC64700ECAC8B /* BrandCell.swift */,
				5BB7777727DFC64700ECAC8B /* OffersCell.swift */,
				5B91FA0727E9280300355D14 /* VarientCell.swift */,
			);
			path = Cells;
			sourceTree = "<group>";
		};
		1907961827E69A0500276BB4 /* CustomViews */ = {
			isa = PBXGroup;
			children = (
				5BB7777527DFC64700ECAC8B /* HeaderView.swift */,
			);
			path = CustomViews;
			sourceTree = "<group>";
		};
		1907961B27E69A8000276BB4 /* Cells */ = {
			isa = PBXGroup;
			children = (
				5BB7778127DFC65600ECAC8B /* ProductCell.xib */,
				5BB7778227DFC65600ECAC8B /* SliderCell.xib */,
				5BB7778327DFC65600ECAC8B /* OffersCell.xib */,
				5BB7778427DFC65600ECAC8B /* ReviewCollectionCell.xib */,
				5BB7777F27DFC65600ECAC8B /* BrandCell.xib */,
				5B91FA0827E9280300355D14 /* VarientCell.xib */,
			);
			path = Cells;
			sourceTree = "<group>";
		};
		1907961C27E69AA300276BB4 /* Views */ = {
			isa = PBXGroup;
			children = (
				5BB7778027DFC65600ECAC8B /* HeaderView.xib */,
			);
			path = Views;
			sourceTree = "<group>";
		};
		1914DEC727DFAE9B00931E5D /* Cart */ = {
			isa = PBXGroup;
			children = (
				1914DEC827DFAE9B00931E5D /* ViewModel */,
				1914DECF27DFAE9B00931E5D /* View */,
				1914DEE527DFAE9B00931E5D /* PONSO */,
			);
			path = Cart;
			sourceTree = "<group>";
		};
		1914DEC827DFAE9B00931E5D /* ViewModel */ = {
			isa = PBXGroup;
			children = (
				1972DCAD27E9E93A003236B2 /* CompleteOrderVM */,
				5B31820127E8CDE400322531 /* AddressVM */,
				1914DEC927DFAE9B00931E5D /* CartViewModel.swift */,
				197BA51C27E5C53B00859893 /* CartItemCellViewModel.swift */,
			);
			path = ViewModel;
			sourceTree = "<group>";
		};
		1914DECA27DFAE9B00931E5D /* Extension */ = {
			isa = PBXGroup;
			children = (
				1932DD1227E4CA6100A870BA /* UIViewController+Extension */,
				191D933627E2628F008D0E89 /* UIImageView */,
				1914DECB27DFAE9B00931E5D /* UIView */,
			);
			path = Extension;
			sourceTree = "<group>";
		};
		1914DECB27DFAE9B00931E5D /* UIView */ = {
			isa = PBXGroup;
			children = (
				1914DECC27DFAE9B00931E5D /* UIView+Extension.swift */,
			);
			path = UIView;
			sourceTree = "<group>";
		};
		1914DECD27DFAE9B00931E5D /* Constant */ = {
			isa = PBXGroup;
			children = (
				1914DECE27DFAE9B00931E5D /* Constant.swift */,
			);
			path = Constant;
			sourceTree = "<group>";
		};
		1914DECF27DFAE9B00931E5D /* View */ = {
			isa = PBXGroup;
			children = (
				1914DED027DFAE9B00931E5D /* Cells */,
				1914DED527DFAE9B00931E5D /* Buttons */,
				1914DED927DFAE9B00931E5D /* Labels */,
				1914DEDD27DFAE9B00931E5D /* Controller */,
				1914DEE027DFAE9B00931E5D /* Views */,
				1914DEE327DFAE9B00931E5D /* Image Views */,
			);
			path = View;
			sourceTree = "<group>";
		};
		1914DED027DFAE9B00931E5D /* Cells */ = {
			isa = PBXGroup;
			children = (
				1914DED127DFAE9B00931E5D /* TableViewCells */,
				1914DED327DFAE9B00931E5D /* CollectioViewCells */,
			);
			path = Cells;
			sourceTree = "<group>";
		};
		1914DED127DFAE9B00931E5D /* TableViewCells */ = {
			isa = PBXGroup;
			children = (
				1914DED227DFAE9B00931E5D /* CartItemTableViewCell.swift */,
			);
			path = TableViewCells;
			sourceTree = "<group>";
		};
		1914DED327DFAE9B00931E5D /* CollectioViewCells */ = {
			isa = PBXGroup;
			children = (
				1914DED427DFAE9B00931E5D /* CartItemCollectionViewCell.swift */,
				19A1471827E514F10037C866 /* AddressCollectionViewCell.swift */,
			);
			path = CollectioViewCells;
			sourceTree = "<group>";
		};
		1914DED527DFAE9B00931E5D /* Buttons */ = {
			isa = PBXGroup;
			children = (
				1914DED627DFAE9B00931E5D /* TopRoundView.swift */,
				1914DED727DFAE9B00931E5D /* ImageButton.swift */,
				1914DED827DFAE9B00931E5D /* DefaultButton.swift */,
			);
			path = Buttons;
			sourceTree = "<group>";
		};
		1914DED927DFAE9B00931E5D /* Labels */ = {
			isa = PBXGroup;
			children = (
				1914DEDA27DFAE9B00931E5D /* Titles */,
			);
			path = Labels;
			sourceTree = "<group>";
		};
		1914DEDA27DFAE9B00931E5D /* Titles */ = {
			isa = PBXGroup;
			children = (
				1914DEDB27DFAE9B00931E5D /* SeconderyTitleLabel.swift */,
				1914DEDC27DFAE9B00931E5D /* DefaultTitleLabel.swift */,
			);
			path = Titles;
			sourceTree = "<group>";
		};
		1914DEDD27DFAE9B00931E5D /* Controller */ = {
			isa = PBXGroup;
			children = (
				1914DEDE27DFAE9B00931E5D /* CartVC.swift */,
				1914DEDF27DFAE9B00931E5D /* CompleteOrderVC.swift */,
			);
			path = Controller;
			sourceTree = "<group>";
		};
		1914DEE027DFAE9B00931E5D /* Views */ = {
			isa = PBXGroup;
			children = (
				1914DEE127DFAE9B00931E5D /* LineView.swift */,
				1914DEE227DFAE9B00931E5D /* DefaultView.swift */,
			);
			path = Views;
			sourceTree = "<group>";
		};
		1914DEE327DFAE9B00931E5D /* Image Views */ = {
			isa = PBXGroup;
			children = (
				1914DEE427DFAE9B00931E5D /* DefaultImageView.swift */,
			);
			path = "Image Views";
			sourceTree = "<group>";
		};
		1914DEE527DFAE9B00931E5D /* PONSO */ = {
			isa = PBXGroup;
			children = (
				1914DEE627DFAE9B00931E5D /* CartItem.swift */,
			);
			path = PONSO;
			sourceTree = "<group>";
		};
		1914DEE727DFAE9B00931E5D /* Fonts */ = {
			isa = PBXGroup;
			children = (
				1914DEE827DFAE9B00931E5D /* Almarai-Bold.ttf */,
				1914DEE927DFAE9B00931E5D /* Almarai-ExtraBold.ttf */,
				1914DEEA27DFAE9B00931E5D /* Almarai-Regular.ttf */,
				1914DEEB27DFAE9B00931E5D /* Almarai-Light.ttf */,
			);
			path = Fonts;
			sourceTree = "<group>";
		};
		191D932C27E217C6008D0E89 /* Countries */ = {
			isa = PBXGroup;
			children = (
				191D932D27E217DF008D0E89 /* CountriesRoot.swift */,
				191D932F27E21ACA008D0E89 /* Countries.swift */,
				191D933127E21AF4008D0E89 /* Provinces.swift */,
			);
			path = Countries;
			sourceTree = "<group>";
		};
		191D933627E2628F008D0E89 /* UIImageView */ = {
			isa = PBXGroup;
			children = (
				191D933427E2311B008D0E89 /* UIImageView+Extension.swift */,
			);
			path = UIImageView;
			sourceTree = "<group>";
		};
		1932DD1227E4CA6100A870BA /* UIViewController+Extension */ = {
			isa = PBXGroup;
			children = (
				1932DD1327E4CA6100A870BA /* UIViewController+Extension.swift */,
			);
			path = "UIViewController+Extension";
			sourceTree = "<group>";
		};
		1940F66D27E7A10700E40429 /* HomeBrandsAndProducts */ = {
			isa = PBXGroup;
			children = (
				1940F67327E7A15E00E40429 /* Products */,
				1940F67227E7A15400E40429 /* Brands */,
			);
			path = HomeBrandsAndProducts;
			sourceTree = "<group>";
		};
		1940F67227E7A15400E40429 /* Brands */ = {
			isa = PBXGroup;
			children = (
				1940F67927E7A6D900E40429 /* HomeViewModel.swift */,
				1940F67B27E7A70F00E40429 /* BrandCellViewModel.swift */,
			);
			path = Brands;
			sourceTree = "<group>";
		};
		1940F67327E7A15E00E40429 /* Products */ = {
			isa = PBXGroup;
			children = (
				1940F67427E7A17800E40429 /* HomeProductViewModel.swift */,
				1940F67627E7A18A00E40429 /* HomeProductCellViewModel.swift */,
			);
			path = Products;
			sourceTree = "<group>";
		};
		194E0CBD27E0D484005CE014 /* PONSO */ = {
			isa = PBXGroup;
			children = (
				E274EB4627E2980000923987 /* Currencies */,
				191D932C27E217C6008D0E89 /* Countries */,
				197CA84E27E15C040032A605 /* Orders */,
				194E0CDF27E0F591005CE014 /* Customers */,
				194E0CD427E0DDA4005CE014 /* Collecttions */,
				194E0CBE27E0D525005CE014 /* Products */,
			);
			path = PONSO;
			sourceTree = "<group>";
		};
		194E0CBE27E0D525005CE014 /* Products */ = {
			isa = PBXGroup;
			children = (
				194E0CBF27E0D53E005CE014 /* ProductsRoot.swift */,
				194E0CC127E0D59D005CE014 /* Products.swift */,
				194E0CC327E0D5E8005CE014 /* Variants.swift */,
				194E0CC527E0D613005CE014 /* Options.swift */,
				194E0CC727E0D653005CE014 /* Images.swift */,
				194E0CC927E0D66F005CE014 /* Image.swift */,
			);
			path = Products;
			sourceTree = "<group>";
		};
		194E0CCB27E0D744005CE014 /* Manager */ = {
			isa = PBXGroup;
			children = (
				19A8C44B27E2AEEC00E6D1F6 /* Persistance */,
				194E0CCC27E0D751005CE014 /* NetworkLayer */,
			);
			path = Manager;
			sourceTree = "<group>";
		};
		194E0CCC27E0D751005CE014 /* NetworkLayer */ = {
			isa = PBXGroup;
			children = (
				194E0CCE27E0D775005CE014 /* NetworkManager.swift */,
				19B1845827E50B8A0069B30E /* NetworkReachibility.swift */,
			);
			path = NetworkLayer;
			sourceTree = "<group>";
		};
		194E0CD027E0D7D2005CE014 /* Model */ = {
			isa = PBXGroup;
			children = (
				194E0CCB27E0D744005CE014 /* Manager */,
			);
			path = Model;
			sourceTree = "<group>";
		};
		194E0CD127E0D836005CE014 /* Utilities */ = {
			isa = PBXGroup;
			children = (
				194E0CD227E0D855005CE014 /* ErrorMessages.swift */,
			);
			path = Utilities;
			sourceTree = "<group>";
		};
		194E0CD427E0DDA4005CE014 /* Collecttions */ = {
			isa = PBXGroup;
			children = (
				194E0CD527E0DDBF005CE014 /* SmartCollectionRoot.swift */,
				194E0CD727E0DE30005CE014 /* SmartCollection.swift */,
				194E0CD927E0DE59005CE014 /* Rules.swift */,
				194E0CDB27E0DEBC005CE014 /* ImageForCollection.swift */,
			);
			path = Collecttions;
			sourceTree = "<group>";
		};
		194E0CDF27E0F591005CE014 /* Customers */ = {
			isa = PBXGroup;
			children = (
				194E0CE527E11025005CE014 /* Customar */,
				194E0CE027E0F59F005CE014 /* CustomerAddress */,
			);
			path = Customers;
			sourceTree = "<group>";
		};
		194E0CE027E0F59F005CE014 /* CustomerAddress */ = {
			isa = PBXGroup;
			children = (
				194E0CE127E0F5D6005CE014 /* AddressesRoot.swift */,
				194E0CE327E0F64A005CE014 /* Addresses.swift */,
			);
			path = CustomerAddress;
			sourceTree = "<group>";
		};
		194E0CE527E11025005CE014 /* Customar */ = {
			isa = PBXGroup;
			children = (
				194E0CE827E110DA005CE014 /* Customer.swift */,
				194E0CEA27E116EA005CE014 /* CustomarRoot.swift */,
			);
			path = Customar;
			sourceTree = "<group>";
		};
		19717E5527E3B5F900E693C4 /* CoreData */ = {
			isa = PBXGroup;
			children = (
				19717E5627E3B5F900E693C4 /* CoreDataClasses */,
				19717E5827E3B5F900E693C4 /* CoreDataModels */,
			);
			path = CoreData;
			sourceTree = "<group>";
		};
		19717E5627E3B5F900E693C4 /* CoreDataClasses */ = {
			isa = PBXGroup;
			children = (
				19717E5727E3B5F900E693C4 /* CoreDataManager.swift */,
			);
			path = CoreDataClasses;
			sourceTree = "<group>";
		};
		19717E5827E3B5F900E693C4 /* CoreDataModels */ = {
			isa = PBXGroup;
			children = (
				19717E5B27E3B5F900E693C4 /* EshtryCoreDataModel.xcdatamodeld */,
			);
			path = CoreDataModels;
			sourceTree = "<group>";
		};
		1972DCAD27E9E93A003236B2 /* CompleteOrderVM */ = {
			isa = PBXGroup;
			children = (
				1972DCAE27E9E966003236B2 /* CompleteOrderViewModel.swift */,
				1972DCB027E9EBDC003236B2 /* CompleteOrderCellViewModel.swift */,
			);
			path = CompleteOrderVM;
			sourceTree = "<group>";
		};
		197CA84E27E15C040032A605 /* Orders */ = {
			isa = PBXGroup;
			children = (
				197CA84F27E15C280032A605 /* Order */,
			);
			path = Orders;
			sourceTree = "<group>";
		};
		197CA84F27E15C280032A605 /* Order */ = {
			isa = PBXGroup;
			children = (
				197F708E27E9474E00651771 /* ForPostOrder */,
				197CA85027E15C8F0032A605 /* OrdersRoot.swift */,
				197CA85227E15D0B0032A605 /* Orders.swift */,
				197CA85427E15D6D0032A605 /* CurrentSubtotalPriceSet.swift */,
				197CA85627E15DCB0032A605 /* CurrentTotalDiscountsSet.swift */,
				197CA85827E15F070032A605 /* SubtotalPriceSet.swift */,
				197CA85A27E15F440032A605 /* TotalDiscountsSet.swift */,
				197CA85C27E15FB10032A605 /* TotalLineItemsPriceSet.swift */,
				197CA85E27E15FFA0032A605 /* TotalPriceSet.swift */,
				197CA86027E160490032A605 /* TotalShippingPriceSet.swift */,
				197CA86227E160BB0032A605 /* TotalTaxSet.swift */,
				197CA86427E160FD0032A605 /* LineItems.swift */,
				197CA86627E161C70032A605 /* ShopMoney.swift */,
				197CA86927E162120032A605 /* PresentmentMoney.swift */,
				197CA86B27E163330032A605 /* PriceSet.swift */,
				197CA86E27E164230032A605 /* CurrentTotalTaxSet.swift */,
				197CA87027E164720032A605 /* CurrentTotalPriceSet.swift */,
				197CA87227E166BD0032A605 /* TotalDiscountSet.swift */,
			);
			path = Order;
			sourceTree = "<group>";
		};
		197F708E27E9474E00651771 /* ForPostOrder */ = {
			isa = PBXGroup;
			children = (
				197F708C27E9472E00651771 /* OrderCustomer.swift */,
				197F708F27E9476F00651771 /* Order.swift */,
			);
			path = ForPostOrder;
			sourceTree = "<group>";
		};
		19A8C44B27E2AEEC00E6D1F6 /* Persistance */ = {
			isa = PBXGroup;
			children = (
				19717E5527E3B5F900E693C4 /* CoreData */,
				19A8C44C27E2AEFA00E6D1F6 /* UserDefaults */,
			);
			path = Persistance;
			sourceTree = "<group>";
		};
		19A8C44C27E2AEFA00E6D1F6 /* UserDefaults */ = {
			isa = PBXGroup;
			children = (
				19A8C44E27E2AF3F00E6D1F6 /* UserDefaultsClass.swift */,
			);
			path = UserDefaults;
			sourceTree = "<group>";
		};
		19CDC88727E73BC3009B0E9F /* BrandProduct */ = {
			isa = PBXGroup;
			children = (
				19CDC88827E73BEA009B0E9F /* BrandProductViewModel.swift */,
				19CDC88A27E73D44009B0E9F /* BrandProductCellViewModel.swift */,
			);
			path = BrandProduct;
			sourceTree = "<group>";
		};
		19CDC88C27E750BB009B0E9F /* ProductDetails */ = {
			isa = PBXGroup;
			children = (
				19CDC88E27E750E1009B0E9F /* ProductDetailsViewModel.swift */,
			);
			path = ProductDetails;
			sourceTree = "<group>";
		};
		19CDC89027E75B33009B0E9F /* ViewModel */ = {
			isa = PBXGroup;
			children = (
				19CDC89127E75B4D009B0E9F /* Category */,
			);
			path = ViewModel;
			sourceTree = "<group>";
		};
		19CDC89127E75B4D009B0E9F /* Category */ = {
			isa = PBXGroup;
			children = (
				19CDC89327E75C07009B0E9F /* CategoryViewModel.swift */,
				19CDC89527E75CD9009B0E9F /* CategoryCellViewModel.swift */,
			);
			path = Category;
			sourceTree = "<group>";
		};
		4651583627E96F56007901C6 /* eShtryTests */ = {
			isa = PBXGroup;
			children = (
				4651583927E96F56007901C6 /* Info.plist */,
				4651584127E96F9F007901C6 /* ClientTests.swift */,
				4651588827E98D49007901C6 /* LoginTests.swift */,
				4651589727E9C8FF007901C6 /* AddressTests.swift */,
				4691983327EA903500904906 /* CoreDataTests.swift */,
			);
			path = eShtryTests;
			sourceTree = "<group>";
		};
		4663974327E704C000080728 /* Favorite */ = {
			isa = PBXGroup;
			children = (
				4663974B27E7052300080728 /* FavoriteCell.swift */,
				4663974527E704FA00080728 /* FavoriteSB.storyboard */,
				4663974827E7051C00080728 /* FavoritesVC.swift */,
				4663975027E727E100080728 /* Product.swift */,
			);
			path = Favorite;
			sourceTree = "<group>";
		};
		46985B3227E09C6D003E3958 /* NewCategory */ = {
			isa = PBXGroup;
			children = (
				19CDC89027E75B33009B0E9F /* ViewModel */,
				46985B3D27E09CF1003E3958 /* CategoryVC.swift */,
				46985B4027E09CF8003E3958 /* SubCategoryCell.swift */,
				46985B3A27E09CEA003E3958 /* ProductCollectionCell.swift */,
				46985B3727E09CE2003E3958 /* CategoryCell.swift */,
				46985B4327E09D56003E3958 /* CategorySB.storyboard */,
			);
			path = NewCategory;
			sourceTree = "<group>";
		};
		46985B4727E0A029003E3958 /* NewOnboarding */ = {
			isa = PBXGroup;
			children = (
				46985B4B27E0A07B003E3958 /* OnBoardingVC.swift */,
				46BFE3B927E1AA5400E9D5EF /* backgroundVideo.mp4 */,
				46985B4827E0A046003E3958 /* OnboardingSB.storyboard */,
			);
			path = NewOnboarding;
			sourceTree = "<group>";
		};
		46BFE3B127E1947100E9D5EF /* Search */ = {
			isa = PBXGroup;
			children = (
				46BFE3B227E1948D00E9D5EF /* SearchSB.storyboard */,
				46BFE3B627E199E300E9D5EF /* SearchingCell.swift */,
				46AE1ACF27E5CFA700A1BD60 /* SearchResultVC.swift */,
			);
			path = Search;
			sourceTree = "<group>";
		};
		5B24860827E8057600B9E71D /* XIB's */ = {
			isa = PBXGroup;
			children = (
				5B24860927E8058000B9E71D /* CollectionView */,
			);
			path = "XIB's";
			sourceTree = "<group>";
		};
		5B24860927E8058000B9E71D /* CollectionView */ = {
			isa = PBXGroup;
			children = (
				1907961C27E69AA300276BB4 /* Views */,
				1907961B27E69A8000276BB4 /* Cells */,
			);
			path = CollectionView;
			sourceTree = "<group>";
		};
		5B31820127E8CDE400322531 /* AddressVM */ = {
			isa = PBXGroup;
			children = (
				5B31820227E8CDF800322531 /* AddressVM.swift */,
				5B31820427E8CE2900322531 /* AddressCellVM.swift */,
			);
			path = AddressVM;
			sourceTree = "<group>";
		};
		5BA095D527D9785E00C17E57 = {
			isa = PBXGroup;
			children = (
				5BA095E027D9785E00C17E57 /* eShtry */,
				4651583627E96F56007901C6 /* eShtryTests */,
				5BA095DF27D9785E00C17E57 /* Products */,
				A6942C813375FA2091936573 /* Pods */,
				A4824424DCCFA4258F4B82E9 /* Frameworks */,
			);
			sourceTree = "<group>";
		};
		5BA095DF27D9785E00C17E57 /* Products */ = {
			isa = PBXGroup;
			children = (
				5BA095DE27D9785E00C17E57 /* eShtry.app */,
				4651583527E96F56007901C6 /* eShtryTests.xctest */,
			);
			name = Products;
			sourceTree = "<group>";
		};
		5BA095E027D9785E00C17E57 /* eShtry */ = {
			isa = PBXGroup;
			children = (
				4663974327E704C000080728 /* Favorite */,
				5BADDD8227E3CB1D00F11550 /* GraphQl */,
				1914DECA27DFAE9B00931E5D /* Extension */,
				194E0CD127E0D836005CE014 /* Utilities */,
				1914DECD27DFAE9B00931E5D /* Constant */,
				46BFE3B127E1947100E9D5EF /* Search */,
				194E0CBD27E0D484005CE014 /* PONSO */,
				194E0CD027E0D7D2005CE014 /* Model */,
				46985B4727E0A029003E3958 /* NewOnboarding */,
				46985B3227E09C6D003E3958 /* NewCategory */,
				5BB7777027DFC5EA00ECAC8B /* Home */,
				E264E1B327DFBD5B00615EBF /* Login */,
				1914DEC727DFAE9B00931E5D /* Cart */,
				1914DEE727DFAE9B00931E5D /* Fonts */,
				5BA095E127D9785E00C17E57 /* AppDelegate.swift */,
				5BA095E327D9785E00C17E57 /* SceneDelegate.swift */,
				5BA095E727D9785E00C17E57 /* Main.storyboard */,
				5BA095EA27D9786200C17E57 /* Assets.xcassets */,
				5BA095EC27D9786200C17E57 /* LaunchScreen.storyboard */,
				5BA095EF27D9786200C17E57 /* Info.plist */,
			);
			path = eShtry;
			sourceTree = "<group>";
		};
		5BADDD8227E3CB1D00F11550 /* GraphQl */ = {
			isa = PBXGroup;
			children = (
				5BADDD8327E3CB3F00F11550 /* Client.swift */,
				5BADDD8527E3CBEA00F11550 /* ClientQuery.swift */,
			);
			path = GraphQl;
			sourceTree = "<group>";
		};
		5BB7777027DFC5EA00ECAC8B /* Home */ = {
			isa = PBXGroup;
			children = (
				1907960C27E688EA00276BB4 /* ViewModel */,
				1907961327E6995F00276BB4 /* View */,
			);
			path = Home;
			sourceTree = "<group>";
		};
		5BB7777127DFC64700ECAC8B /* Coustom Cells */ = {
			isa = PBXGroup;
			children = (
				1907961627E699D900276BB4 /* CollectionViewCells */,
			);
			path = "Coustom Cells";
			sourceTree = "<group>";
		};
		A4824424DCCFA4258F4B82E9 /* Frameworks */ = {
			isa = PBXGroup;
			children = (
				4651585827E97B07007901C6 /* MobileBuySDK.framework */,
				4651584B27E97A2C007901C6 /* MobileBuySDK.framework */,
				4651584727E979AC007901C6 /* MobileBuySDK.framework */,
				59AE22A783C47B4E8138ED9A /* Pods_eShtry.framework */,
				FCD4F95B2232B4D2AFE559CF /* libPods-eShtryTests.a */,
			);
			name = Frameworks;
			sourceTree = "<group>";
		};
		A6942C813375FA2091936573 /* Pods */ = {
			isa = PBXGroup;
			children = (
				E3D2A215FC889DBE0105810E /* Pods-eShtry.debug.xcconfig */,
				EA078BB554EC25FEF04D6FB2 /* Pods-eShtry.release.xcconfig */,
				978953532F5B5F1905E03468 /* Pods-eShtryTests.debug.xcconfig */,
				6473E323D474301E6FAF8464 /* Pods-eShtryTests.release.xcconfig */,
			);
			path = Pods;
			sourceTree = "<group>";
		};
		E23D329827E8329D00CA96F6 /* Addresses */ = {
			isa = PBXGroup;
			children = (
				E23D329927E832D300CA96F6 /* AllAddressesVC.swift */,
			);
			path = Addresses;
			sourceTree = "<group>";
		};
		E264E1B327DFBD5B00615EBF /* Login */ = {
			isa = PBXGroup;
			children = (
				E264E1B927DFBD8100615EBF /* meVC.storyboard */,
				E264E1B427DFBD8000615EBF /* AddressVC.swift */,
				E264E1B727DFBD8100615EBF /* CountryVC.swift */,
				E264E1B527DFBD8000615EBF /* LoginVC.swift */,
				E264E1B827DFBD8100615EBF /* meVC.swift */,
				E264E1B627DFBD8100615EBF /* moreOrdersVC.swift */,
				E264E1BA27DFBD8100615EBF /* OrdersTemp.swift */,
				E264E1BB27DFBD8100615EBF /* RegisterVC.swift */,
				E264E1C627DFE27B00615EBF /* myCountryProtocol.swift */,
				E274EB4427E2828900923987 /* CurrencyVC.swift */,
				E23D329827E8329D00CA96F6 /* Addresses */,
			);
			path = Login;
			sourceTree = "<group>";
		};
		E274EB4627E2980000923987 /* Currencies */ = {
			isa = PBXGroup;
			children = (
				E274EB4727E2987200923987 /* CurrenciesRoot.swift */,
				E274EB4927E2988700923987 /* currencies.swift */,
			);
			path = Currencies;
			sourceTree = "<group>";
		};
/* End PBXGroup section */

/* Begin PBXNativeTarget section */
		4651583427E96F56007901C6 /* eShtryTests */ = {
			isa = PBXNativeTarget;
			buildConfigurationList = 4651583E27E96F56007901C6 /* Build configuration list for PBXNativeTarget "eShtryTests" */;
			buildPhases = (
				B301D2F497C483E7D1B0F941 /* [CP] Check Pods Manifest.lock */,
				4651583127E96F56007901C6 /* Sources */,
				4651583227E96F56007901C6 /* Frameworks */,
				4651583327E96F56007901C6 /* Resources */,
			);
			buildRules = (
			);
			dependencies = (
				4651583B27E96F56007901C6 /* PBXTargetDependency */,
			);
			name = eShtryTests;
			productName = eShtryTests;
			productReference = 4651583527E96F56007901C6 /* eShtryTests.xctest */;
			productType = "com.apple.product-type.bundle.unit-test";
		};
		5BA095DD27D9785E00C17E57 /* eShtry */ = {
			isa = PBXNativeTarget;
			buildConfigurationList = 5BA095F227D9786200C17E57 /* Build configuration list for PBXNativeTarget "eShtry" */;
			buildPhases = (
				26E703E3B7993A338ED08C97 /* [CP] Check Pods Manifest.lock */,
				5BA095DA27D9785E00C17E57 /* Sources */,
				5BA095DB27D9785E00C17E57 /* Frameworks */,
				5BA095DC27D9785E00C17E57 /* Resources */,
				4CA340756F1C12DD99AC92DD /* [CP] Embed Pods Frameworks */,
			);
			buildRules = (
			);
			dependencies = (
			);
			name = eShtry;
			productName = eShtry;
			productReference = 5BA095DE27D9785E00C17E57 /* eShtry.app */;
			productType = "com.apple.product-type.application";
		};
/* End PBXNativeTarget section */

/* Begin PBXProject section */
		5BA095D627D9785E00C17E57 /* Project object */ = {
			isa = PBXProject;
			attributes = {
				BuildIndependentTargetsInParallel = 1;
				LastSwiftUpdateCheck = 1200;
				LastUpgradeCheck = 1300;
				TargetAttributes = {
					4651583427E96F56007901C6 = {
						CreatedOnToolsVersion = 12.0.1;
						TestTargetID = 5BA095DD27D9785E00C17E57;
					};
					5BA095DD27D9785E00C17E57 = {
						CreatedOnToolsVersion = 13.0;
					};
				};
			};
			buildConfigurationList = 5BA095D927D9785E00C17E57 /* Build configuration list for PBXProject "eShtry" */;
			compatibilityVersion = "Xcode 11.0";
			developmentRegion = en;
			hasScannedForEncodings = 0;
			knownRegions = (
				en,
				Base,
			);
			mainGroup = 5BA095D527D9785E00C17E57;
			productRefGroup = 5BA095DF27D9785E00C17E57 /* Products */;
			projectDirPath = "";
			projectRoot = "";
			targets = (
				5BA095DD27D9785E00C17E57 /* eShtry */,
				4651583427E96F56007901C6 /* eShtryTests */,
			);
		};
/* End PBXProject section */

/* Begin PBXResourcesBuildPhase section */
		4651583327E96F56007901C6 /* Resources */ = {
			isa = PBXResourcesBuildPhase;
			buildActionMask = 2147483647;
			files = (
			);
			runOnlyForDeploymentPostprocessing = 0;
		};
		5BA095DC27D9785E00C17E57 /* Resources */ = {
			isa = PBXResourcesBuildPhase;
			buildActionMask = 2147483647;
			files = (
				5BA095EE27D9786200C17E57 /* LaunchScreen.storyboard in Resources */,
				5BB7778627DFC65600ECAC8B /* HeaderView.xib in Resources */,
				5BB7778527DFC65600ECAC8B /* BrandCell.xib in Resources */,
				46985B4927E0A046003E3958 /* OnboardingSB.storyboard in Resources */,
				5BB7778927DFC65600ECAC8B /* OffersCell.xib in Resources */,
				E264E1C127DFBD8100615EBF /* meVC.storyboard in Resources */,
				1914DEFC27DFAE9B00931E5D /* Almarai-Bold.ttf in Resources */,
				46BFE3B327E1948D00E9D5EF /* SearchSB.storyboard in Resources */,
				5BA095EB27D9786200C17E57 /* Assets.xcassets in Resources */,
				5BB7778A27DFC65600ECAC8B /* ReviewCollectionCell.xib in Resources */,
				5BB7778827DFC65600ECAC8B /* SliderCell.xib in Resources */,
				5BB7779027DFC67D00ECAC8B /* HomeSB.storyboard in Resources */,
				5BB7778727DFC65600ECAC8B /* ProductCell.xib in Resources */,
				4663974627E704FA00080728 /* FavoriteSB.storyboard in Resources */,
				1914DEFF27DFAE9B00931E5D /* Almarai-Light.ttf in Resources */,
				5BA095E927D9785E00C17E57 /* Main.storyboard in Resources */,
				5B91FA0A27E9280300355D14 /* VarientCell.xib in Resources */,
				46BFE3BA27E1AA5400E9D5EF /* backgroundVideo.mp4 in Resources */,
				1914DEFD27DFAE9B00931E5D /* Almarai-ExtraBold.ttf in Resources */,
				1914DEFE27DFAE9B00931E5D /* Almarai-Regular.ttf in Resources */,
				46985B4427E09D56003E3958 /* CategorySB.storyboard in Resources */,
			);
			runOnlyForDeploymentPostprocessing = 0;
		};
/* End PBXResourcesBuildPhase section */

/* Begin PBXShellScriptBuildPhase section */
		26E703E3B7993A338ED08C97 /* [CP] Check Pods Manifest.lock */ = {
			isa = PBXShellScriptBuildPhase;
			buildActionMask = 2147483647;
			files = (
			);
			inputFileListPaths = (
			);
			inputPaths = (
				"${PODS_PODFILE_DIR_PATH}/Podfile.lock",
				"${PODS_ROOT}/Manifest.lock",
			);
			name = "[CP] Check Pods Manifest.lock";
			outputFileListPaths = (
			);
			outputPaths = (
				"$(DERIVED_FILE_DIR)/Pods-eShtry-checkManifestLockResult.txt",
			);
			runOnlyForDeploymentPostprocessing = 0;
			shellPath = /bin/sh;
			shellScript = "diff \"${PODS_PODFILE_DIR_PATH}/Podfile.lock\" \"${PODS_ROOT}/Manifest.lock\" > /dev/null\nif [ $? != 0 ] ; then\n    # print error to STDERR\n    echo \"error: The sandbox is not in sync with the Podfile.lock. Run 'pod install' or update your CocoaPods installation.\" >&2\n    exit 1\nfi\n# This output is used by Xcode 'outputs' to avoid re-running this script phase.\necho \"SUCCESS\" > \"${SCRIPT_OUTPUT_FILE_0}\"\n";
			showEnvVarsInLog = 0;
		};
		4CA340756F1C12DD99AC92DD /* [CP] Embed Pods Frameworks */ = {
			isa = PBXShellScriptBuildPhase;
			buildActionMask = 2147483647;
			files = (
			);
			inputFileListPaths = (
				"${PODS_ROOT}/Target Support Files/Pods-eShtry/Pods-eShtry-frameworks-${CONFIGURATION}-input-files.xcfilelist",
			);
			name = "[CP] Embed Pods Frameworks";
			outputFileListPaths = (
				"${PODS_ROOT}/Target Support Files/Pods-eShtry/Pods-eShtry-frameworks-${CONFIGURATION}-output-files.xcfilelist",
			);
			runOnlyForDeploymentPostprocessing = 0;
			shellPath = /bin/sh;
			shellScript = "\"${PODS_ROOT}/Target Support Files/Pods-eShtry/Pods-eShtry-frameworks.sh\"\n";
			showEnvVarsInLog = 0;
		};
		B301D2F497C483E7D1B0F941 /* [CP] Check Pods Manifest.lock */ = {
			isa = PBXShellScriptBuildPhase;
			buildActionMask = 2147483647;
			files = (
			);
			inputFileListPaths = (
			);
			inputPaths = (
				"${PODS_PODFILE_DIR_PATH}/Podfile.lock",
				"${PODS_ROOT}/Manifest.lock",
			);
			name = "[CP] Check Pods Manifest.lock";
			outputFileListPaths = (
			);
			outputPaths = (
				"$(DERIVED_FILE_DIR)/Pods-eShtryTests-checkManifestLockResult.txt",
			);
			runOnlyForDeploymentPostprocessing = 0;
			shellPath = /bin/sh;
			shellScript = "diff \"${PODS_PODFILE_DIR_PATH}/Podfile.lock\" \"${PODS_ROOT}/Manifest.lock\" > /dev/null\nif [ $? != 0 ] ; then\n    # print error to STDERR\n    echo \"error: The sandbox is not in sync with the Podfile.lock. Run 'pod install' or update your CocoaPods installation.\" >&2\n    exit 1\nfi\n# This output is used by Xcode 'outputs' to avoid re-running this script phase.\necho \"SUCCESS\" > \"${SCRIPT_OUTPUT_FILE_0}\"\n";
			showEnvVarsInLog = 0;
		};
/* End PBXShellScriptBuildPhase section */

/* Begin PBXSourcesBuildPhase section */
		4651583127E96F56007901C6 /* Sources */ = {
			isa = PBXSourcesBuildPhase;
			buildActionMask = 2147483647;
			files = (
				4691983427EA903500904906 /* CoreDataTests.swift in Sources */,
				4651584227E96F9F007901C6 /* ClientTests.swift in Sources */,
				4651588927E98D49007901C6 /* LoginTests.swift in Sources */,
				4651589827E9C8FF007901C6 /* AddressTests.swift in Sources */,
			);
			runOnlyForDeploymentPostprocessing = 0;
		};
		5BA095DA27D9785E00C17E57 /* Sources */ = {
			isa = PBXSourcesBuildPhase;
			buildActionMask = 2147483647;
			files = (
				1914DEEC27DFAE9B00931E5D /* CartViewModel.swift in Sources */,
				5BA095E227D9785E00C17E57 /* AppDelegate.swift in Sources */,
				1914DEF027DFAE9B00931E5D /* CartItemCollectionViewCell.swift in Sources */,
				194E0CC227E0D59D005CE014 /* Products.swift in Sources */,
				194E0CCF27E0D775005CE014 /* NetworkManager.swift in Sources */,
				194E0CD827E0DE30005CE014 /* SmartCollection.swift in Sources */,
				1914DEF127DFAE9B00931E5D /* TopRoundView.swift in Sources */,
				197CA86F27E164230032A605 /* CurrentTotalTaxSet.swift in Sources */,
				194E0CD627E0DDBF005CE014 /* SmartCollectionRoot.swift in Sources */,
				46985B3E27E09CF1003E3958 /* CategoryVC.swift in Sources */,
				197CA86A27E162120032A605 /* PresentmentMoney.swift in Sources */,
				1940F67C27E7A70F00E40429 /* BrandCellViewModel.swift in Sources */,
				197CA85127E15C8F0032A605 /* OrdersRoot.swift in Sources */,
				4663974927E7051C00080728 /* FavoritesVC.swift in Sources */,
				46AE1AD027E5CFA700A1BD60 /* SearchResultVC.swift in Sources */,
				194E0CDC27E0DEBC005CE014 /* ImageForCollection.swift in Sources */,
				5BB7777927DFC64700ECAC8B /* ProductCell.swift in Sources */,
				E274EB4A27E2988700923987 /* currencies.swift in Sources */,
				46BFE3B727E199E300E9D5EF /* SearchingCell.swift in Sources */,
				194E0CC027E0D53E005CE014 /* ProductsRoot.swift in Sources */,
				1914DEFB27DFAE9B00931E5D /* CartItem.swift in Sources */,
				1914DEF627DFAE9B00931E5D /* CartVC.swift in Sources */,
				5BB7778E27DFC66E00ECAC8B /* BrandProductsVC.swift in Sources */,
				5B31820527E8CE2900322531 /* AddressCellVM.swift in Sources */,
				197CA85B27E15F440032A605 /* TotalDiscountsSet.swift in Sources */,
				197CA87327E166BD0032A605 /* TotalDiscountSet.swift in Sources */,
				5B91FA0927E9280300355D14 /* VarientCell.swift in Sources */,
				197CA85F27E15FFA0032A605 /* TotalPriceSet.swift in Sources */,
				19CDC89427E75C07009B0E9F /* CategoryViewModel.swift in Sources */,
				46985B4C27E0A07B003E3958 /* OnBoardingVC.swift in Sources */,
				5BB7777A27DFC64700ECAC8B /* SliderCell.swift in Sources */,
				E23D329A27E832D300CA96F6 /* AllAddressesVC.swift in Sources */,
				197CA85327E15D0B0032A605 /* Orders.swift in Sources */,
				5BB7778C27DFC66500ECAC8B /* HomeVC.swift in Sources */,
				E264E1C227DFBD8100615EBF /* OrdersTemp.swift in Sources */,
				5BADDD8427E3CB3F00F11550 /* Client.swift in Sources */,
				1914DEF227DFAE9B00931E5D /* ImageButton.swift in Sources */,
				46985B4127E09CF8003E3958 /* SubCategoryCell.swift in Sources */,
				5BB7777827DFC64700ECAC8B /* ReviewCollectionCell.swift in Sources */,
				E264E1BE27DFBD8100615EBF /* moreOrdersVC.swift in Sources */,
				19717E5D27E3B5F900E693C4 /* CoreDataManager.swift in Sources */,
				194E0CE227E0F5D6005CE014 /* AddressesRoot.swift in Sources */,
				1914DEF527DFAE9B00931E5D /* DefaultTitleLabel.swift in Sources */,
				E274EB4827E2987300923987 /* CurrenciesRoot.swift in Sources */,
				1914DEF327DFAE9B00931E5D /* DefaultButton.swift in Sources */,
				194E0CC427E0D5E8005CE014 /* Variants.swift in Sources */,
				1932DD1427E4CA6100A870BA /* UIViewController+Extension.swift in Sources */,
				194E0CC827E0D653005CE014 /* Images.swift in Sources */,
				194E0CDA27E0DE59005CE014 /* Rules.swift in Sources */,
				5B31820327E8CDF800322531 /* AddressVM.swift in Sources */,
				197CA87127E164720032A605 /* CurrentTotalPriceSet.swift in Sources */,
				4663974C27E7052300080728 /* FavoriteCell.swift in Sources */,
				197F708D27E9472E00651771 /* OrderCustomer.swift in Sources */,
				191D933027E21ACA008D0E89 /* Countries.swift in Sources */,
				E274EB4527E2828900923987 /* CurrencyVC.swift in Sources */,
				1914DEFA27DFAE9B00931E5D /* DefaultImageView.swift in Sources */,
				E264E1C727DFE27B00615EBF /* myCountryProtocol.swift in Sources */,
				194E0CCA27E0D66F005CE014 /* Image.swift in Sources */,
				5BB7777D27DFC64700ECAC8B /* OffersCell.swift in Sources */,
				1972DCB127E9EBDC003236B2 /* CompleteOrderCellViewModel.swift in Sources */,
				19A1471927E514F10037C866 /* AddressCollectionViewCell.swift in Sources */,
				1914DEF827DFAE9B00931E5D /* LineView.swift in Sources */,
				1914DEEF27DFAE9B00931E5D /* CartItemTableViewCell.swift in Sources */,
				46985B3B27E09CEA003E3958 /* ProductCollectionCell.swift in Sources */,
				197BA51D27E5C53B00859893 /* CartItemCellViewModel.swift in Sources */,
				19A8C44F27E2AF3F00E6D1F6 /* UserDefaultsClass.swift in Sources */,
				1972DCAF27E9E966003236B2 /* CompleteOrderViewModel.swift in Sources */,
				1914DEF427DFAE9B00931E5D /* SeconderyTitleLabel.swift in Sources */,
				5BADDD8627E3CBEA00F11550 /* ClientQuery.swift in Sources */,
				194E0CD327E0D855005CE014 /* ErrorMessages.swift in Sources */,
				197CA85727E15DCB0032A605 /* CurrentTotalDiscountsSet.swift in Sources */,
				191D933227E21AF4008D0E89 /* Provinces.swift in Sources */,
				197CA86327E160BB0032A605 /* TotalTaxSet.swift in Sources */,
				E264E1BC27DFBD8100615EBF /* AddressVC.swift in Sources */,
				46985B3827E09CE2003E3958 /* CategoryCell.swift in Sources */,
				E264E1BD27DFBD8100615EBF /* LoginVC.swift in Sources */,
				191D933527E2311B008D0E89 /* UIImageView+Extension.swift in Sources */,
				19717E5F27E3B5F900E693C4 /* EshtryCoreDataModel.xcdatamodeld in Sources */,
				1914DEEE27DFAE9B00931E5D /* Constant.swift in Sources */,
				1940F67527E7A17800E40429 /* HomeProductViewModel.swift in Sources */,
				1914DEF927DFAE9B00931E5D /* DefaultView.swift in Sources */,
				197CA86527E160FD0032A605 /* LineItems.swift in Sources */,
				194E0CE927E110DA005CE014 /* Customer.swift in Sources */,
				19CDC88927E73BEA009B0E9F /* BrandProductViewModel.swift in Sources */,
				197CA85927E15F070032A605 /* SubtotalPriceSet.swift in Sources */,
				191D932E27E217DF008D0E89 /* CountriesRoot.swift in Sources */,
				1940F67727E7A18A00E40429 /* HomeProductCellViewModel.swift in Sources */,
				E264E1C327DFBD8100615EBF /* RegisterVC.swift in Sources */,
				19B1845927E50B8A0069B30E /* NetworkReachibility.swift in Sources */,
				19CDC88F27E750E1009B0E9F /* ProductDetailsViewModel.swift in Sources */,
				194E0CE427E0F64A005CE014 /* Addresses.swift in Sources */,
				5BB7779227DFC68800ECAC8B /* ProductDetailsVC.swift in Sources */,
				19CDC88B27E73D44009B0E9F /* BrandProductCellViewModel.swift in Sources */,
				1940F67A27E7A6D900E40429 /* HomeViewModel.swift in Sources */,
				197F709027E9476F00651771 /* Order.swift in Sources */,
				19CDC89627E75CD9009B0E9F /* CategoryCellViewModel.swift in Sources */,
				197CA85D27E15FB10032A605 /* TotalLineItemsPriceSet.swift in Sources */,
				197CA86127E160490032A605 /* TotalShippingPriceSet.swift in Sources */,
				194E0CEB27E116EA005CE014 /* CustomarRoot.swift in Sources */,
				194E0CC627E0D613005CE014 /* Options.swift in Sources */,
				197CA86C27E163330032A605 /* PriceSet.swift in Sources */,
				1914DEED27DFAE9B00931E5D /* UIView+Extension.swift in Sources */,
				5BB7777B27DFC64700ECAC8B /* HeaderView.swift in Sources */,
				1914DEF727DFAE9B00931E5D /* CompleteOrderVC.swift in Sources */,
				197CA85527E15D6D0032A605 /* CurrentSubtotalPriceSet.swift in Sources */,
				5BA095E427D9785E00C17E57 /* SceneDelegate.swift in Sources */,
				197CA86727E161C80032A605 /* ShopMoney.swift in Sources */,
				E264E1C027DFBD8100615EBF /* meVC.swift in Sources */,
				E264E1BF27DFBD8100615EBF /* CountryVC.swift in Sources */,
				5BB7777C27DFC64700ECAC8B /* BrandCell.swift in Sources */,
				4663975127E727E100080728 /* Product.swift in Sources */,
			);
			runOnlyForDeploymentPostprocessing = 0;
		};
/* End PBXSourcesBuildPhase section */

/* Begin PBXTargetDependency section */
		4651583B27E96F56007901C6 /* PBXTargetDependency */ = {
			isa = PBXTargetDependency;
			target = 5BA095DD27D9785E00C17E57 /* eShtry */;
			targetProxy = 4651583A27E96F56007901C6 /* PBXContainerItemProxy */;
		};
/* End PBXTargetDependency section */

/* Begin PBXVariantGroup section */
		5BA095E727D9785E00C17E57 /* Main.storyboard */ = {
			isa = PBXVariantGroup;
			children = (
				5BA095E827D9785E00C17E57 /* Base */,
			);
			name = Main.storyboard;
			sourceTree = "<group>";
		};
		5BA095EC27D9786200C17E57 /* LaunchScreen.storyboard */ = {
			isa = PBXVariantGroup;
			children = (
				5BA095ED27D9786200C17E57 /* Base */,
			);
			name = LaunchScreen.storyboard;
			sourceTree = "<group>";
		};
/* End PBXVariantGroup section */

/* Begin XCBuildConfiguration section */
		4651583C27E96F56007901C6 /* Debug */ = {
			isa = XCBuildConfiguration;
			baseConfigurationReference = 978953532F5B5F1905E03468 /* Pods-eShtryTests.debug.xcconfig */;
			buildSettings = {
				BUNDLE_LOADER = "$(TEST_HOST)";
				CLANG_CXX_LANGUAGE_STANDARD = "gnu++14";
				CODE_SIGN_STYLE = Automatic;
				DEVELOPMENT_TEAM = J3QHX87NG7;
				INFOPLIST_FILE = eShtryTests/Info.plist;
				IPHONEOS_DEPLOYMENT_TARGET = 14.0;
				LD_RUNPATH_SEARCH_PATHS = (
					"$(inherited)",
					"@executable_path/Frameworks",
					"@loader_path/Frameworks",
				);
				PRODUCT_BUNDLE_IDENTIFIER = com.mahmoud1911.eShtryTests;
				PRODUCT_NAME = "$(TARGET_NAME)";
				SWIFT_VERSION = 5.0;
				TARGETED_DEVICE_FAMILY = "1,2";
				TEST_HOST = "$(BUILT_PRODUCTS_DIR)/eShtry.app/eShtry";
			};
			name = Debug;
		};
		4651583D27E96F56007901C6 /* Release */ = {
			isa = XCBuildConfiguration;
			baseConfigurationReference = 6473E323D474301E6FAF8464 /* Pods-eShtryTests.release.xcconfig */;
			buildSettings = {
				BUNDLE_LOADER = "$(TEST_HOST)";
				CLANG_CXX_LANGUAGE_STANDARD = "gnu++14";
				CODE_SIGN_STYLE = Automatic;
				DEVELOPMENT_TEAM = J3QHX87NG7;
				INFOPLIST_FILE = eShtryTests/Info.plist;
				IPHONEOS_DEPLOYMENT_TARGET = 14.0;
				LD_RUNPATH_SEARCH_PATHS = (
					"$(inherited)",
					"@executable_path/Frameworks",
					"@loader_path/Frameworks",
				);
				PRODUCT_BUNDLE_IDENTIFIER = com.mahmoud1911.eShtryTests;
				PRODUCT_NAME = "$(TARGET_NAME)";
				SWIFT_VERSION = 5.0;
				TARGETED_DEVICE_FAMILY = "1,2";
				TEST_HOST = "$(BUILT_PRODUCTS_DIR)/eShtry.app/eShtry";
			};
			name = Release;
		};
		5BA095F027D9786200C17E57 /* Debug */ = {
			isa = XCBuildConfiguration;
			buildSettings = {
				ALWAYS_SEARCH_USER_PATHS = NO;
				CLANG_ANALYZER_NONNULL = YES;
				CLANG_ANALYZER_NUMBER_OBJECT_CONVERSION = YES_AGGRESSIVE;
				CLANG_CXX_LANGUAGE_STANDARD = "gnu++17";
				CLANG_CXX_LIBRARY = "libc++";
				CLANG_ENABLE_MODULES = YES;
				CLANG_ENABLE_OBJC_ARC = YES;
				CLANG_ENABLE_OBJC_WEAK = YES;
				CLANG_WARN_BLOCK_CAPTURE_AUTORELEASING = YES;
				CLANG_WARN_BOOL_CONVERSION = YES;
				CLANG_WARN_COMMA = YES;
				CLANG_WARN_CONSTANT_CONVERSION = YES;
				CLANG_WARN_DEPRECATED_OBJC_IMPLEMENTATIONS = YES;
				CLANG_WARN_DIRECT_OBJC_ISA_USAGE = YES_ERROR;
				CLANG_WARN_DOCUMENTATION_COMMENTS = YES;
				CLANG_WARN_EMPTY_BODY = YES;
				CLANG_WARN_ENUM_CONVERSION = YES;
				CLANG_WARN_INFINITE_RECURSION = YES;
				CLANG_WARN_INT_CONVERSION = YES;
				CLANG_WARN_NON_LITERAL_NULL_CONVERSION = YES;
				CLANG_WARN_OBJC_IMPLICIT_RETAIN_SELF = YES;
				CLANG_WARN_OBJC_LITERAL_CONVERSION = YES;
				CLANG_WARN_OBJC_ROOT_CLASS = YES_ERROR;
				CLANG_WARN_QUOTED_INCLUDE_IN_FRAMEWORK_HEADER = YES;
				CLANG_WARN_RANGE_LOOP_ANALYSIS = YES;
				CLANG_WARN_STRICT_PROTOTYPES = YES;
				CLANG_WARN_SUSPICIOUS_MOVE = YES;
				CLANG_WARN_UNGUARDED_AVAILABILITY = YES_AGGRESSIVE;
				CLANG_WARN_UNREACHABLE_CODE = YES;
				CLANG_WARN__DUPLICATE_METHOD_MATCH = YES;
				COPY_PHASE_STRIP = NO;
				DEBUG_INFORMATION_FORMAT = dwarf;
				ENABLE_STRICT_OBJC_MSGSEND = YES;
				ENABLE_TESTABILITY = YES;
				GCC_C_LANGUAGE_STANDARD = gnu11;
				GCC_DYNAMIC_NO_PIC = NO;
				GCC_NO_COMMON_BLOCKS = YES;
				GCC_OPTIMIZATION_LEVEL = 0;
				GCC_PREPROCESSOR_DEFINITIONS = (
					"DEBUG=1",
					"$(inherited)",
				);
				GCC_WARN_64_TO_32_BIT_CONVERSION = YES;
				GCC_WARN_ABOUT_RETURN_TYPE = YES_ERROR;
				GCC_WARN_UNDECLARED_SELECTOR = YES;
				GCC_WARN_UNINITIALIZED_AUTOS = YES_AGGRESSIVE;
				GCC_WARN_UNUSED_FUNCTION = YES;
				GCC_WARN_UNUSED_VARIABLE = YES;
				IPHONEOS_DEPLOYMENT_TARGET = 15.0;
				MTL_ENABLE_DEBUG_INFO = INCLUDE_SOURCE;
				MTL_FAST_MATH = YES;
				ONLY_ACTIVE_ARCH = YES;
				SDKROOT = iphoneos;
				SWIFT_ACTIVE_COMPILATION_CONDITIONS = DEBUG;
				SWIFT_OPTIMIZATION_LEVEL = "-Onone";
			};
			name = Debug;
		};
		5BA095F127D9786200C17E57 /* Release */ = {
			isa = XCBuildConfiguration;
			buildSettings = {
				ALWAYS_SEARCH_USER_PATHS = NO;
				CLANG_ANALYZER_NONNULL = YES;
				CLANG_ANALYZER_NUMBER_OBJECT_CONVERSION = YES_AGGRESSIVE;
				CLANG_CXX_LANGUAGE_STANDARD = "gnu++17";
				CLANG_CXX_LIBRARY = "libc++";
				CLANG_ENABLE_MODULES = YES;
				CLANG_ENABLE_OBJC_ARC = YES;
				CLANG_ENABLE_OBJC_WEAK = YES;
				CLANG_WARN_BLOCK_CAPTURE_AUTORELEASING = YES;
				CLANG_WARN_BOOL_CONVERSION = YES;
				CLANG_WARN_COMMA = YES;
				CLANG_WARN_CONSTANT_CONVERSION = YES;
				CLANG_WARN_DEPRECATED_OBJC_IMPLEMENTATIONS = YES;
				CLANG_WARN_DIRECT_OBJC_ISA_USAGE = YES_ERROR;
				CLANG_WARN_DOCUMENTATION_COMMENTS = YES;
				CLANG_WARN_EMPTY_BODY = YES;
				CLANG_WARN_ENUM_CONVERSION = YES;
				CLANG_WARN_INFINITE_RECURSION = YES;
				CLANG_WARN_INT_CONVERSION = YES;
				CLANG_WARN_NON_LITERAL_NULL_CONVERSION = YES;
				CLANG_WARN_OBJC_IMPLICIT_RETAIN_SELF = YES;
				CLANG_WARN_OBJC_LITERAL_CONVERSION = YES;
				CLANG_WARN_OBJC_ROOT_CLASS = YES_ERROR;
				CLANG_WARN_QUOTED_INCLUDE_IN_FRAMEWORK_HEADER = YES;
				CLANG_WARN_RANGE_LOOP_ANALYSIS = YES;
				CLANG_WARN_STRICT_PROTOTYPES = YES;
				CLANG_WARN_SUSPICIOUS_MOVE = YES;
				CLANG_WARN_UNGUARDED_AVAILABILITY = YES_AGGRESSIVE;
				CLANG_WARN_UNREACHABLE_CODE = YES;
				CLANG_WARN__DUPLICATE_METHOD_MATCH = YES;
				COPY_PHASE_STRIP = NO;
				DEBUG_INFORMATION_FORMAT = "dwarf-with-dsym";
				ENABLE_NS_ASSERTIONS = NO;
				ENABLE_STRICT_OBJC_MSGSEND = YES;
				GCC_C_LANGUAGE_STANDARD = gnu11;
				GCC_NO_COMMON_BLOCKS = YES;
				GCC_WARN_64_TO_32_BIT_CONVERSION = YES;
				GCC_WARN_ABOUT_RETURN_TYPE = YES_ERROR;
				GCC_WARN_UNDECLARED_SELECTOR = YES;
				GCC_WARN_UNINITIALIZED_AUTOS = YES_AGGRESSIVE;
				GCC_WARN_UNUSED_FUNCTION = YES;
				GCC_WARN_UNUSED_VARIABLE = YES;
				IPHONEOS_DEPLOYMENT_TARGET = 15.0;
				MTL_ENABLE_DEBUG_INFO = NO;
				MTL_FAST_MATH = YES;
				SDKROOT = iphoneos;
				SWIFT_COMPILATION_MODE = wholemodule;
				SWIFT_OPTIMIZATION_LEVEL = "-O";
				VALIDATE_PRODUCT = YES;
			};
			name = Release;
		};
		5BA095F327D9786200C17E57 /* Debug */ = {
			isa = XCBuildConfiguration;
			baseConfigurationReference = E3D2A215FC889DBE0105810E /* Pods-eShtry.debug.xcconfig */;
			buildSettings = {
				ASSETCATALOG_COMPILER_APPICON_NAME = AppIcon;
				ASSETCATALOG_COMPILER_GLOBAL_ACCENT_COLOR_NAME = AccentColor;
				CODE_SIGN_STYLE = Automatic;
				CURRENT_PROJECT_VERSION = 1;
				DEVELOPMENT_TEAM = UC3D25543F;
				GENERATE_INFOPLIST_FILE = YES;
				INFOPLIST_FILE = eShtry/Info.plist;
				INFOPLIST_KEY_UIApplicationSupportsIndirectInputEvents = YES;
				INFOPLIST_KEY_UILaunchStoryboardName = LaunchScreen;
				INFOPLIST_KEY_UIMainStoryboardFile = Main;
				INFOPLIST_KEY_UISupportedInterfaceOrientations_iPad = "UIInterfaceOrientationPortrait UIInterfaceOrientationPortraitUpsideDown UIInterfaceOrientationLandscapeLeft UIInterfaceOrientationLandscapeRight";
				INFOPLIST_KEY_UISupportedInterfaceOrientations_iPhone = "UIInterfaceOrientationPortrait UIInterfaceOrientationLandscapeLeft UIInterfaceOrientationLandscapeRight";
				IPHONEOS_DEPLOYMENT_TARGET = 13.5;
				LD_RUNPATH_SEARCH_PATHS = (
					"$(inherited)",
					"@executable_path/Frameworks",
				);
				MARKETING_VERSION = 1.0;
				PRODUCT_BUNDLE_IDENTIFIER = MohamedNAjeh.eShtry;
				PRODUCT_NAME = "$(TARGET_NAME)";
				SWIFT_EMIT_LOC_STRINGS = YES;
				SWIFT_VERSION = 5.0;
				TARGETED_DEVICE_FAMILY = "1,2";
			};
			name = Debug;
		};
		5BA095F427D9786200C17E57 /* Release */ = {
			isa = XCBuildConfiguration;
			baseConfigurationReference = EA078BB554EC25FEF04D6FB2 /* Pods-eShtry.release.xcconfig */;
			buildSettings = {
				ASSETCATALOG_COMPILER_APPICON_NAME = AppIcon;
				ASSETCATALOG_COMPILER_GLOBAL_ACCENT_COLOR_NAME = AccentColor;
				CODE_SIGN_STYLE = Automatic;
				CURRENT_PROJECT_VERSION = 1;
				DEVELOPMENT_TEAM = UC3D25543F;
				GENERATE_INFOPLIST_FILE = YES;
				INFOPLIST_FILE = eShtry/Info.plist;
				INFOPLIST_KEY_UIApplicationSupportsIndirectInputEvents = YES;
				INFOPLIST_KEY_UILaunchStoryboardName = LaunchScreen;
				INFOPLIST_KEY_UIMainStoryboardFile = Main;
				INFOPLIST_KEY_UISupportedInterfaceOrientations_iPad = "UIInterfaceOrientationPortrait UIInterfaceOrientationPortraitUpsideDown UIInterfaceOrientationLandscapeLeft UIInterfaceOrientationLandscapeRight";
				INFOPLIST_KEY_UISupportedInterfaceOrientations_iPhone = "UIInterfaceOrientationPortrait UIInterfaceOrientationLandscapeLeft UIInterfaceOrientationLandscapeRight";
				IPHONEOS_DEPLOYMENT_TARGET = 13.5;
				LD_RUNPATH_SEARCH_PATHS = (
					"$(inherited)",
					"@executable_path/Frameworks",
				);
				MARKETING_VERSION = 1.0;
				PRODUCT_BUNDLE_IDENTIFIER = MohamedNAjeh.eShtry;
				PRODUCT_NAME = "$(TARGET_NAME)";
				SWIFT_EMIT_LOC_STRINGS = YES;
				SWIFT_VERSION = 5.0;
				TARGETED_DEVICE_FAMILY = "1,2";
			};
			name = Release;
		};
/* End XCBuildConfiguration section */

/* Begin XCConfigurationList section */
		4651583E27E96F56007901C6 /* Build configuration list for PBXNativeTarget "eShtryTests" */ = {
			isa = XCConfigurationList;
			buildConfigurations = (
				4651583C27E96F56007901C6 /* Debug */,
				4651583D27E96F56007901C6 /* Release */,
			);
			defaultConfigurationIsVisible = 0;
			defaultConfigurationName = Release;
		};
		5BA095D927D9785E00C17E57 /* Build configuration list for PBXProject "eShtry" */ = {
			isa = XCConfigurationList;
			buildConfigurations = (
				5BA095F027D9786200C17E57 /* Debug */,
				5BA095F127D9786200C17E57 /* Release */,
			);
			defaultConfigurationIsVisible = 0;
			defaultConfigurationName = Release;
		};
		5BA095F227D9786200C17E57 /* Build configuration list for PBXNativeTarget "eShtry" */ = {
			isa = XCConfigurationList;
			buildConfigurations = (
				5BA095F327D9786200C17E57 /* Debug */,
				5BA095F427D9786200C17E57 /* Release */,
			);
			defaultConfigurationIsVisible = 0;
			defaultConfigurationName = Release;
		};
/* End XCConfigurationList section */

/* Begin XCVersionGroup section */
		19717E5B27E3B5F900E693C4 /* EshtryCoreDataModel.xcdatamodeld */ = {
			isa = XCVersionGroup;
			children = (
				19717E5C27E3B5F900E693C4 /* EshtryCoreDataModel.xcdatamodel */,
			);
			currentVersion = 19717E5C27E3B5F900E693C4 /* EshtryCoreDataModel.xcdatamodel */;
			path = EshtryCoreDataModel.xcdatamodeld;
			sourceTree = "<group>";
			versionGroupType = wrapper.xcdatamodel;
		};
/* End XCVersionGroup section */
	};
	rootObject = 5BA095D627D9785E00C17E57 /* Project object */;
}
