// !$*UTF8*$!
{
	archiveVersion = 1;
	classes = {
	};
	objectVersion = 55;
	objects = {

/* Begin PBXBuildFile section */
		1917A5AF27DA24AA001F93FE /* Constant.swift in Sources */ = {isa = PBXBuildFile; fileRef = 1917A5AE27DA24AA001F93FE /* Constant.swift */; };
		1917A5B427DA2B3C001F93FE /* DefaultView.swift in Sources */ = {isa = PBXBuildFile; fileRef = 1917A5B327DA2B3C001F93FE /* DefaultView.swift */; };
		1917A5B627DA2CEF001F93FE /* CartVC.swift in Sources */ = {isa = PBXBuildFile; fileRef = 1917A5B527DA2CEF001F93FE /* CartVC.swift */; };
		1917A5BA27DA3001001F93FE /* DefaultTitleLabel.swift in Sources */ = {isa = PBXBuildFile; fileRef = 1917A5B927DA3000001F93FE /* DefaultTitleLabel.swift */; };
		1917A5BD27DA31E4001F93FE /* DefaultImageView.swift in Sources */ = {isa = PBXBuildFile; fileRef = 1917A5BC27DA31E4001F93FE /* DefaultImageView.swift */; };
		1917A5BF27DA325A001F93FE /* SeconderyTitleLabel.swift in Sources */ = {isa = PBXBuildFile; fileRef = 1917A5BE27DA325A001F93FE /* SeconderyTitleLabel.swift */; };
		1917A5C227DA3363001F93FE /* DefaultButton.swift in Sources */ = {isa = PBXBuildFile; fileRef = 1917A5C127DA3363001F93FE /* DefaultButton.swift */; };
		1917A5C627DA39DB001F93FE /* CartItemTableViewCell.swift in Sources */ = {isa = PBXBuildFile; fileRef = 1917A5C527DA39DB001F93FE /* CartItemTableViewCell.swift */; };
		1917A5C827DA5469001F93FE /* ImageButton.swift in Sources */ = {isa = PBXBuildFile; fileRef = 1917A5C727DA5469001F93FE /* ImageButton.swift */; };
		1922B13E27DB4D2D0021663A /* TopRoundView.swift in Sources */ = {isa = PBXBuildFile; fileRef = 1922B13D27DB4D2D0021663A /* TopRoundView.swift */; };
		1922B14227DB4E880021663A /* UIView+Extension.swift in Sources */ = {isa = PBXBuildFile; fileRef = 1922B14127DB4E880021663A /* UIView+Extension.swift */; };
		1922B16527DB77F30021663A /* CartViewModel.swift in Sources */ = {isa = PBXBuildFile; fileRef = 1922B16427DB77F30021663A /* CartViewModel.swift */; };
		192BE11827DCAA1000D8F3C8 /* CartItem.swift in Sources */ = {isa = PBXBuildFile; fileRef = 192BE11727DCAA1000D8F3C8 /* CartItem.swift */; };
		5BA095E227D9785E00C17E57 /* AppDelegate.swift in Sources */ = {isa = PBXBuildFile; fileRef = 5BA095E127D9785E00C17E57 /* AppDelegate.swift */; };
		5BA095E427D9785E00C17E57 /* SceneDelegate.swift in Sources */ = {isa = PBXBuildFile; fileRef = 5BA095E327D9785E00C17E57 /* SceneDelegate.swift */; };
		5BA095E627D9785E00C17E57 /* ViewController.swift in Sources */ = {isa = PBXBuildFile; fileRef = 5BA095E527D9785E00C17E57 /* ViewController.swift */; };
		5BA095E927D9785E00C17E57 /* Main.storyboard in Resources */ = {isa = PBXBuildFile; fileRef = 5BA095E727D9785E00C17E57 /* Main.storyboard */; };
		5BA095EB27D9786200C17E57 /* Assets.xcassets in Resources */ = {isa = PBXBuildFile; fileRef = 5BA095EA27D9786200C17E57 /* Assets.xcassets */; };
		5BA095EE27D9786200C17E57 /* LaunchScreen.storyboard in Resources */ = {isa = PBXBuildFile; fileRef = 5BA095EC27D9786200C17E57 /* LaunchScreen.storyboard */; };
/* End PBXBuildFile section */

/* Begin PBXFileReference section */
		1917A5AE27DA24AA001F93FE /* Constant.swift */ = {isa = PBXFileReference; lastKnownFileType = sourcecode.swift; path = Constant.swift; sourceTree = "<group>"; };
		1917A5B327DA2B3C001F93FE /* DefaultView.swift */ = {isa = PBXFileReference; lastKnownFileType = sourcecode.swift; path = DefaultView.swift; sourceTree = "<group>"; };
		1917A5B527DA2CEF001F93FE /* CartVC.swift */ = {isa = PBXFileReference; lastKnownFileType = sourcecode.swift; path = CartVC.swift; sourceTree = "<group>"; };
		1917A5B927DA3000001F93FE /* DefaultTitleLabel.swift */ = {isa = PBXFileReference; lastKnownFileType = sourcecode.swift; path = DefaultTitleLabel.swift; sourceTree = "<group>"; };
		1917A5BC27DA31E4001F93FE /* DefaultImageView.swift */ = {isa = PBXFileReference; lastKnownFileType = sourcecode.swift; path = DefaultImageView.swift; sourceTree = "<group>"; };
		1917A5BE27DA325A001F93FE /* SeconderyTitleLabel.swift */ = {isa = PBXFileReference; lastKnownFileType = sourcecode.swift; path = SeconderyTitleLabel.swift; sourceTree = "<group>"; };
		1917A5C127DA3363001F93FE /* DefaultButton.swift */ = {isa = PBXFileReference; lastKnownFileType = sourcecode.swift; path = DefaultButton.swift; sourceTree = "<group>"; };
		1917A5C527DA39DB001F93FE /* CartItemTableViewCell.swift */ = {isa = PBXFileReference; lastKnownFileType = sourcecode.swift; path = CartItemTableViewCell.swift; sourceTree = "<group>"; };
		1917A5C727DA5469001F93FE /* ImageButton.swift */ = {isa = PBXFileReference; lastKnownFileType = sourcecode.swift; path = ImageButton.swift; sourceTree = "<group>"; };
		1922B13D27DB4D2D0021663A /* TopRoundView.swift */ = {isa = PBXFileReference; lastKnownFileType = sourcecode.swift; path = TopRoundView.swift; sourceTree = "<group>"; };
		1922B14127DB4E880021663A /* UIView+Extension.swift */ = {isa = PBXFileReference; lastKnownFileType = sourcecode.swift; path = "UIView+Extension.swift"; sourceTree = "<group>"; };
		1922B16427DB77F30021663A /* CartViewModel.swift */ = {isa = PBXFileReference; lastKnownFileType = sourcecode.swift; path = CartViewModel.swift; sourceTree = "<group>"; };
		192BE11727DCAA1000D8F3C8 /* CartItem.swift */ = {isa = PBXFileReference; lastKnownFileType = sourcecode.swift; path = CartItem.swift; sourceTree = "<group>"; };
		5BA095DE27D9785E00C17E57 /* eShtry.app */ = {isa = PBXFileReference; explicitFileType = wrapper.application; includeInIndex = 0; path = eShtry.app; sourceTree = BUILT_PRODUCTS_DIR; };
		5BA095E127D9785E00C17E57 /* AppDelegate.swift */ = {isa = PBXFileReference; lastKnownFileType = sourcecode.swift; path = AppDelegate.swift; sourceTree = "<group>"; };
		5BA095E327D9785E00C17E57 /* SceneDelegate.swift */ = {isa = PBXFileReference; lastKnownFileType = sourcecode.swift; path = SceneDelegate.swift; sourceTree = "<group>"; };
		5BA095E527D9785E00C17E57 /* ViewController.swift */ = {isa = PBXFileReference; lastKnownFileType = sourcecode.swift; path = ViewController.swift; sourceTree = "<group>"; };
		5BA095E827D9785E00C17E57 /* Base */ = {isa = PBXFileReference; lastKnownFileType = file.storyboard; name = Base; path = Base.lproj/Main.storyboard; sourceTree = "<group>"; };
		5BA095EA27D9786200C17E57 /* Assets.xcassets */ = {isa = PBXFileReference; lastKnownFileType = folder.assetcatalog; path = Assets.xcassets; sourceTree = "<group>"; };
		5BA095ED27D9786200C17E57 /* Base */ = {isa = PBXFileReference; lastKnownFileType = file.storyboard; name = Base; path = Base.lproj/LaunchScreen.storyboard; sourceTree = "<group>"; };
		5BA095EF27D9786200C17E57 /* Info.plist */ = {isa = PBXFileReference; lastKnownFileType = text.plist.xml; path = Info.plist; sourceTree = "<group>"; };
/* End PBXFileReference section */

/* Begin PBXFrameworksBuildPhase section */
		5BA095DB27D9785E00C17E57 /* Frameworks */ = {
			isa = PBXFrameworksBuildPhase;
			buildActionMask = 2147483647;
			files = (
			);
			runOnlyForDeploymentPostprocessing = 0;
		};
/* End PBXFrameworksBuildPhase section */

/* Begin PBXGroup section */
		1917A5AC27DA2014001F93FE /* Cart */ = {
			isa = PBXGroup;
			children = (
				192BE11627DCA9F700D8F3C8 /* PONSO */,
				1922B13F27DB4E570021663A /* Extension */,
				1917A5AD27DA2491001F93FE /* Constant */,
				1917A5B027DA29E8001F93FE /* View */,
				1922B16327DB77B00021663A /* ViewModel */,
			);
			path = Cart;
			sourceTree = "<group>";
		};
		1917A5AD27DA2491001F93FE /* Constant */ = {
			isa = PBXGroup;
			children = (
				1917A5AE27DA24AA001F93FE /* Constant.swift */,
			);
			path = Constant;
			sourceTree = "<group>";
		};
		1917A5B027DA29E8001F93FE /* View */ = {
			isa = PBXGroup;
			children = (
				1917A5C327DA39AD001F93FE /* Cells */,
				1917A5C027DA334D001F93FE /* Buttons */,
				1917A5BB27DA31C7001F93FE /* Image Views */,
				1917A5B727DA2FDA001F93FE /* Labels */,
				1917A5B227DA2B1A001F93FE /* Views */,
				1917A5B127DA2A4E001F93FE /* Controller */,
			);
			path = View;
			sourceTree = "<group>";
		};
		1917A5B127DA2A4E001F93FE /* Controller */ = {
			isa = PBXGroup;
			children = (
				1917A5B527DA2CEF001F93FE /* CartVC.swift */,
			);
			path = Controller;
			sourceTree = "<group>";
		};
		1917A5B227DA2B1A001F93FE /* Views */ = {
			isa = PBXGroup;
			children = (
				1917A5B327DA2B3C001F93FE /* DefaultView.swift */,
			);
			path = Views;
			sourceTree = "<group>";
		};
		1917A5B727DA2FDA001F93FE /* Labels */ = {
			isa = PBXGroup;
			children = (
				1917A5B827DA2FE2001F93FE /* Titles */,
			);
			path = Labels;
			sourceTree = "<group>";
		};
		1917A5B827DA2FE2001F93FE /* Titles */ = {
			isa = PBXGroup;
			children = (
				1917A5B927DA3000001F93FE /* DefaultTitleLabel.swift */,
				1917A5BE27DA325A001F93FE /* SeconderyTitleLabel.swift */,
			);
			path = Titles;
			sourceTree = "<group>";
		};
		1917A5BB27DA31C7001F93FE /* Image Views */ = {
			isa = PBXGroup;
			children = (
				1917A5BC27DA31E4001F93FE /* DefaultImageView.swift */,
			);
			path = "Image Views";
			sourceTree = "<group>";
		};
		1917A5C027DA334D001F93FE /* Buttons */ = {
			isa = PBXGroup;
			children = (
				1917A5C127DA3363001F93FE /* DefaultButton.swift */,
				1917A5C727DA5469001F93FE /* ImageButton.swift */,
				1922B13D27DB4D2D0021663A /* TopRoundView.swift */,
			);
			path = Buttons;
			sourceTree = "<group>";
		};
		1917A5C327DA39AD001F93FE /* Cells */ = {
			isa = PBXGroup;
			children = (
				1917A5C427DA39B7001F93FE /* TableViewCells */,
			);
			path = Cells;
			sourceTree = "<group>";
		};
		1917A5C427DA39B7001F93FE /* TableViewCells */ = {
			isa = PBXGroup;
			children = (
				1917A5C527DA39DB001F93FE /* CartItemTableViewCell.swift */,
			);
			path = TableViewCells;
			sourceTree = "<group>";
		};
		1922B13F27DB4E570021663A /* Extension */ = {
			isa = PBXGroup;
			children = (
				1922B14027DB4E660021663A /* UIView */,
			);
			path = Extension;
			sourceTree = "<group>";
		};
		1922B14027DB4E660021663A /* UIView */ = {
			isa = PBXGroup;
			children = (
				1922B14127DB4E880021663A /* UIView+Extension.swift */,
			);
			path = UIView;
			sourceTree = "<group>";
		};
		1922B16327DB77B00021663A /* ViewModel */ = {
			isa = PBXGroup;
			children = (
				1922B16427DB77F30021663A /* CartViewModel.swift */,
			);
			path = ViewModel;
			sourceTree = "<group>";
		};
		192BE11627DCA9F700D8F3C8 /* PONSO */ = {
			isa = PBXGroup;
			children = (
				192BE11727DCAA1000D8F3C8 /* CartItem.swift */,
			);
			path = PONSO;
			sourceTree = "<group>";
		};
		5BA095D527D9785E00C17E57 = {
			isa = PBXGroup;
			children = (
				5BA095E027D9785E00C17E57 /* eShtry */,
				5BA095DF27D9785E00C17E57 /* Products */,
			);
			sourceTree = "<group>";
		};
		5BA095DF27D9785E00C17E57 /* Products */ = {
			isa = PBXGroup;
			children = (
				5BA095DE27D9785E00C17E57 /* eShtry.app */,
			);
			name = Products;
			sourceTree = "<group>";
		};
		5BA095E027D9785E00C17E57 /* eShtry */ = {
			isa = PBXGroup;
			children = (
				1917A5AC27DA2014001F93FE /* Cart */,
				5BA095E127D9785E00C17E57 /* AppDelegate.swift */,
				5BA095E327D9785E00C17E57 /* SceneDelegate.swift */,
				5BA095E527D9785E00C17E57 /* ViewController.swift */,
				5BA095E727D9785E00C17E57 /* Main.storyboard */,
				5BA095EA27D9786200C17E57 /* Assets.xcassets */,
				5BA095EC27D9786200C17E57 /* LaunchScreen.storyboard */,
				5BA095EF27D9786200C17E57 /* Info.plist */,
			);
			path = eShtry;
			sourceTree = "<group>";
		};
/* End PBXGroup section */

/* Begin PBXNativeTarget section */
		5BA095DD27D9785E00C17E57 /* eShtry */ = {
			isa = PBXNativeTarget;
			buildConfigurationList = 5BA095F227D9786200C17E57 /* Build configuration list for PBXNativeTarget "eShtry" */;
			buildPhases = (
				5BA095DA27D9785E00C17E57 /* Sources */,
				5BA095DB27D9785E00C17E57 /* Frameworks */,
				5BA095DC27D9785E00C17E57 /* Resources */,
			);
			buildRules = (
			);
			dependencies = (
			);
			name = eShtry;
			productName = eShtry;
			productReference = 5BA095DE27D9785E00C17E57 /* eShtry.app */;
			productType = "com.apple.product-type.application";
		};
/* End PBXNativeTarget section */

/* Begin PBXProject section */
		5BA095D627D9785E00C17E57 /* Project object */ = {
			isa = PBXProject;
			attributes = {
				BuildIndependentTargetsInParallel = 1;
				LastSwiftUpdateCheck = 1300;
				LastUpgradeCheck = 1300;
				TargetAttributes = {
					5BA095DD27D9785E00C17E57 = {
						CreatedOnToolsVersion = 13.0;
					};
				};
			};
			buildConfigurationList = 5BA095D927D9785E00C17E57 /* Build configuration list for PBXProject "eShtry" */;
			compatibilityVersion = "Xcode 13.0";
			developmentRegion = en;
			hasScannedForEncodings = 0;
			knownRegions = (
				en,
				Base,
			);
			mainGroup = 5BA095D527D9785E00C17E57;
			productRefGroup = 5BA095DF27D9785E00C17E57 /* Products */;
			projectDirPath = "";
			projectRoot = "";
			targets = (
				5BA095DD27D9785E00C17E57 /* eShtry */,
			);
		};
/* End PBXProject section */

/* Begin PBXResourcesBuildPhase section */
		5BA095DC27D9785E00C17E57 /* Resources */ = {
			isa = PBXResourcesBuildPhase;
			buildActionMask = 2147483647;
			files = (
				5BA095EE27D9786200C17E57 /* LaunchScreen.storyboard in Resources */,
				5BA095EB27D9786200C17E57 /* Assets.xcassets in Resources */,
				5BA095E927D9785E00C17E57 /* Main.storyboard in Resources */,
			);
			runOnlyForDeploymentPostprocessing = 0;
		};
/* End PBXResourcesBuildPhase section */

/* Begin PBXSourcesBuildPhase section */
		5BA095DA27D9785E00C17E57 /* Sources */ = {
			isa = PBXSourcesBuildPhase;
			buildActionMask = 2147483647;
			files = (
				1917A5BA27DA3001001F93FE /* DefaultTitleLabel.swift in Sources */,
				1917A5C627DA39DB001F93FE /* CartItemTableViewCell.swift in Sources */,
				192BE11827DCAA1000D8F3C8 /* CartItem.swift in Sources */,
				5BA095E627D9785E00C17E57 /* ViewController.swift in Sources */,
				5BA095E227D9785E00C17E57 /* AppDelegate.swift in Sources */,
				1917A5B627DA2CEF001F93FE /* CartVC.swift in Sources */,
				1917A5BD27DA31E4001F93FE /* DefaultImageView.swift in Sources */,
				1922B16527DB77F30021663A /* CartViewModel.swift in Sources */,
				1917A5C227DA3363001F93FE /* DefaultButton.swift in Sources */,
				1917A5C827DA5469001F93FE /* ImageButton.swift in Sources */,
				1922B14227DB4E880021663A /* UIView+Extension.swift in Sources */,
				1922B13E27DB4D2D0021663A /* TopRoundView.swift in Sources */,
				5BA095E427D9785E00C17E57 /* SceneDelegate.swift in Sources */,
				1917A5BF27DA325A001F93FE /* SeconderyTitleLabel.swift in Sources */,
				1917A5AF27DA24AA001F93FE /* Constant.swift in Sources */,
				1917A5B427DA2B3C001F93FE /* DefaultView.swift in Sources */,
			);
			runOnlyForDeploymentPostprocessing = 0;
		};
/* End PBXSourcesBuildPhase section */

/* Begin PBXVariantGroup section */
		5BA095E727D9785E00C17E57 /* Main.storyboard */ = {
			isa = PBXVariantGroup;
			children = (
				5BA095E827D9785E00C17E57 /* Base */,
			);
			name = Main.storyboard;
			sourceTree = "<group>";
		};
		5BA095EC27D9786200C17E57 /* LaunchScreen.storyboard */ = {
			isa = PBXVariantGroup;
			children = (
				5BA095ED27D9786200C17E57 /* Base */,
			);
			name = LaunchScreen.storyboard;
			sourceTree = "<group>";
		};
/* End PBXVariantGroup section */

/* Begin XCBuildConfiguration section */
		5BA095F027D9786200C17E57 /* Debug */ = {
			isa = XCBuildConfiguration;
			buildSettings = {
				ALWAYS_SEARCH_USER_PATHS = NO;
				CLANG_ANALYZER_NONNULL = YES;
				CLANG_ANALYZER_NUMBER_OBJECT_CONVERSION = YES_AGGRESSIVE;
				CLANG_CXX_LANGUAGE_STANDARD = "gnu++17";
				CLANG_CXX_LIBRARY = "libc++";
				CLANG_ENABLE_MODULES = YES;
				CLANG_ENABLE_OBJC_ARC = YES;
				CLANG_ENABLE_OBJC_WEAK = YES;
				CLANG_WARN_BLOCK_CAPTURE_AUTORELEASING = YES;
				CLANG_WARN_BOOL_CONVERSION = YES;
				CLANG_WARN_COMMA = YES;
				CLANG_WARN_CONSTANT_CONVERSION = YES;
				CLANG_WARN_DEPRECATED_OBJC_IMPLEMENTATIONS = YES;
				CLANG_WARN_DIRECT_OBJC_ISA_USAGE = YES_ERROR;
				CLANG_WARN_DOCUMENTATION_COMMENTS = YES;
				CLANG_WARN_EMPTY_BODY = YES;
				CLANG_WARN_ENUM_CONVERSION = YES;
				CLANG_WARN_INFINITE_RECURSION = YES;
				CLANG_WARN_INT_CONVERSION = YES;
				CLANG_WARN_NON_LITERAL_NULL_CONVERSION = YES;
				CLANG_WARN_OBJC_IMPLICIT_RETAIN_SELF = YES;
				CLANG_WARN_OBJC_LITERAL_CONVERSION = YES;
				CLANG_WARN_OBJC_ROOT_CLASS = YES_ERROR;
				CLANG_WARN_QUOTED_INCLUDE_IN_FRAMEWORK_HEADER = YES;
				CLANG_WARN_RANGE_LOOP_ANALYSIS = YES;
				CLANG_WARN_STRICT_PROTOTYPES = YES;
				CLANG_WARN_SUSPICIOUS_MOVE = YES;
				CLANG_WARN_UNGUARDED_AVAILABILITY = YES_AGGRESSIVE;
				CLANG_WARN_UNREACHABLE_CODE = YES;
				CLANG_WARN__DUPLICATE_METHOD_MATCH = YES;
				COPY_PHASE_STRIP = NO;
				DEBUG_INFORMATION_FORMAT = dwarf;
				ENABLE_STRICT_OBJC_MSGSEND = YES;
				ENABLE_TESTABILITY = YES;
				GCC_C_LANGUAGE_STANDARD = gnu11;
				GCC_DYNAMIC_NO_PIC = NO;
				GCC_NO_COMMON_BLOCKS = YES;
				GCC_OPTIMIZATION_LEVEL = 0;
				GCC_PREPROCESSOR_DEFINITIONS = (
					"DEBUG=1",
					"$(inherited)",
				);
				GCC_WARN_64_TO_32_BIT_CONVERSION = YES;
				GCC_WARN_ABOUT_RETURN_TYPE = YES_ERROR;
				GCC_WARN_UNDECLARED_SELECTOR = YES;
				GCC_WARN_UNINITIALIZED_AUTOS = YES_AGGRESSIVE;
				GCC_WARN_UNUSED_FUNCTION = YES;
				GCC_WARN_UNUSED_VARIABLE = YES;
				IPHONEOS_DEPLOYMENT_TARGET = 15.0;
				MTL_ENABLE_DEBUG_INFO = INCLUDE_SOURCE;
				MTL_FAST_MATH = YES;
				ONLY_ACTIVE_ARCH = YES;
				SDKROOT = iphoneos;
				SWIFT_ACTIVE_COMPILATION_CONDITIONS = DEBUG;
				SWIFT_OPTIMIZATION_LEVEL = "-Onone";
			};
			name = Debug;
		};
		5BA095F127D9786200C17E57 /* Release */ = {
			isa = XCBuildConfiguration;
			buildSettings = {
				ALWAYS_SEARCH_USER_PATHS = NO;
				CLANG_ANALYZER_NONNULL = YES;
				CLANG_ANALYZER_NUMBER_OBJECT_CONVERSION = YES_AGGRESSIVE;
				CLANG_CXX_LANGUAGE_STANDARD = "gnu++17";
				CLANG_CXX_LIBRARY = "libc++";
				CLANG_ENABLE_MODULES = YES;
				CLANG_ENABLE_OBJC_ARC = YES;
				CLANG_ENABLE_OBJC_WEAK = YES;
				CLANG_WARN_BLOCK_CAPTURE_AUTORELEASING = YES;
				CLANG_WARN_BOOL_CONVERSION = YES;
				CLANG_WARN_COMMA = YES;
				CLANG_WARN_CONSTANT_CONVERSION = YES;
				CLANG_WARN_DEPRECATED_OBJC_IMPLEMENTATIONS = YES;
				CLANG_WARN_DIRECT_OBJC_ISA_USAGE = YES_ERROR;
				CLANG_WARN_DOCUMENTATION_COMMENTS = YES;
				CLANG_WARN_EMPTY_BODY = YES;
				CLANG_WARN_ENUM_CONVERSION = YES;
				CLANG_WARN_INFINITE_RECURSION = YES;
				CLANG_WARN_INT_CONVERSION = YES;
				CLANG_WARN_NON_LITERAL_NULL_CONVERSION = YES;
				CLANG_WARN_OBJC_IMPLICIT_RETAIN_SELF = YES;
				CLANG_WARN_OBJC_LITERAL_CONVERSION = YES;
				CLANG_WARN_OBJC_ROOT_CLASS = YES_ERROR;
				CLANG_WARN_QUOTED_INCLUDE_IN_FRAMEWORK_HEADER = YES;
				CLANG_WARN_RANGE_LOOP_ANALYSIS = YES;
				CLANG_WARN_STRICT_PROTOTYPES = YES;
				CLANG_WARN_SUSPICIOUS_MOVE = YES;
				CLANG_WARN_UNGUARDED_AVAILABILITY = YES_AGGRESSIVE;
				CLANG_WARN_UNREACHABLE_CODE = YES;
				CLANG_WARN__DUPLICATE_METHOD_MATCH = YES;
				COPY_PHASE_STRIP = NO;
				DEBUG_INFORMATION_FORMAT = "dwarf-with-dsym";
				ENABLE_NS_ASSERTIONS = NO;
				ENABLE_STRICT_OBJC_MSGSEND = YES;
				GCC_C_LANGUAGE_STANDARD = gnu11;
				GCC_NO_COMMON_BLOCKS = YES;
				GCC_WARN_64_TO_32_BIT_CONVERSION = YES;
				GCC_WARN_ABOUT_RETURN_TYPE = YES_ERROR;
				GCC_WARN_UNDECLARED_SELECTOR = YES;
				GCC_WARN_UNINITIALIZED_AUTOS = YES_AGGRESSIVE;
				GCC_WARN_UNUSED_FUNCTION = YES;
				GCC_WARN_UNUSED_VARIABLE = YES;
				IPHONEOS_DEPLOYMENT_TARGET = 15.0;
				MTL_ENABLE_DEBUG_INFO = NO;
				MTL_FAST_MATH = YES;
				SDKROOT = iphoneos;
				SWIFT_COMPILATION_MODE = wholemodule;
				SWIFT_OPTIMIZATION_LEVEL = "-O";
				VALIDATE_PRODUCT = YES;
			};
			name = Release;
		};
		5BA095F327D9786200C17E57 /* Debug */ = {
			isa = XCBuildConfiguration;
			buildSettings = {
				ASSETCATALOG_COMPILER_APPICON_NAME = AppIcon;
				ASSETCATALOG_COMPILER_GLOBAL_ACCENT_COLOR_NAME = AccentColor;
				CODE_SIGN_STYLE = Automatic;
				CURRENT_PROJECT_VERSION = 1;
				DEVELOPMENT_TEAM = UC3D25543F;
				GENERATE_INFOPLIST_FILE = YES;
				INFOPLIST_FILE = eShtry/Info.plist;
				INFOPLIST_KEY_UIApplicationSupportsIndirectInputEvents = YES;
				INFOPLIST_KEY_UILaunchStoryboardName = LaunchScreen;
				INFOPLIST_KEY_UIMainStoryboardFile = Main;
				INFOPLIST_KEY_UISupportedInterfaceOrientations_iPad = "UIInterfaceOrientationPortrait UIInterfaceOrientationPortraitUpsideDown UIInterfaceOrientationLandscapeLeft UIInterfaceOrientationLandscapeRight";
				INFOPLIST_KEY_UISupportedInterfaceOrientations_iPhone = "UIInterfaceOrientationPortrait UIInterfaceOrientationLandscapeLeft UIInterfaceOrientationLandscapeRight";
				LD_RUNPATH_SEARCH_PATHS = (
					"$(inherited)",
					"@executable_path/Frameworks",
				);
				MARKETING_VERSION = 1.0;
				PRODUCT_BUNDLE_IDENTIFIER = MohamedNAjeh.eShtry;
				PRODUCT_NAME = "$(TARGET_NAME)";
				SWIFT_EMIT_LOC_STRINGS = YES;
				SWIFT_VERSION = 5.0;
				TARGETED_DEVICE_FAMILY = "1,2";
			};
			name = Debug;
		};
		5BA095F427D9786200C17E57 /* Release */ = {
			isa = XCBuildConfiguration;
			buildSettings = {
				ASSETCATALOG_COMPILER_APPICON_NAME = AppIcon;
				ASSETCATALOG_COMPILER_GLOBAL_ACCENT_COLOR_NAME = AccentColor;
				CODE_SIGN_STYLE = Automatic;
				CURRENT_PROJECT_VERSION = 1;
				DEVELOPMENT_TEAM = UC3D25543F;
				GENERATE_INFOPLIST_FILE = YES;
				INFOPLIST_FILE = eShtry/Info.plist;
				INFOPLIST_KEY_UIApplicationSupportsIndirectInputEvents = YES;
				INFOPLIST_KEY_UILaunchStoryboardName = LaunchScreen;
				INFOPLIST_KEY_UIMainStoryboardFile = Main;
				INFOPLIST_KEY_UISupportedInterfaceOrientations_iPad = "UIInterfaceOrientationPortrait UIInterfaceOrientationPortraitUpsideDown UIInterfaceOrientationLandscapeLeft UIInterfaceOrientationLandscapeRight";
				INFOPLIST_KEY_UISupportedInterfaceOrientations_iPhone = "UIInterfaceOrientationPortrait UIInterfaceOrientationLandscapeLeft UIInterfaceOrientationLandscapeRight";
				LD_RUNPATH_SEARCH_PATHS = (
					"$(inherited)",
					"@executable_path/Frameworks",
				);
				MARKETING_VERSION = 1.0;
				PRODUCT_BUNDLE_IDENTIFIER = MohamedNAjeh.eShtry;
				PRODUCT_NAME = "$(TARGET_NAME)";
				SWIFT_EMIT_LOC_STRINGS = YES;
				SWIFT_VERSION = 5.0;
				TARGETED_DEVICE_FAMILY = "1,2";
			};
			name = Release;
		};
/* End XCBuildConfiguration section */

/* Begin XCConfigurationList section */
		5BA095D927D9785E00C17E57 /* Build configuration list for PBXProject "eShtry" */ = {
			isa = XCConfigurationList;
			buildConfigurations = (
				5BA095F027D9786200C17E57 /* Debug */,
				5BA095F127D9786200C17E57 /* Release */,
			);
			defaultConfigurationIsVisible = 0;
			defaultConfigurationName = Release;
		};
		5BA095F227D9786200C17E57 /* Build configuration list for PBXNativeTarget "eShtry" */ = {
			isa = XCConfigurationList;
			buildConfigurations = (
				5BA095F327D9786200C17E57 /* Debug */,
				5BA095F427D9786200C17E57 /* Release */,
			);
			defaultConfigurationIsVisible = 0;
			defaultConfigurationName = Release;
		};
/* End XCConfigurationList section */
	};
	rootObject = 5BA095D627D9785E00C17E57 /* Project object */;
}
